// !$*UTF8*$!
{
	archiveVersion = 1;
	classes = {
	};
	objectVersion = 56;
	objects = {

/* Begin PBXBuildFile section */
		14522A9A00EF9EE337BD7078 /* Pods_Prueba_interRapidisimoTests.framework in Frameworks */ = {isa = PBXBuildFile; fileRef = 7092C619E84DEEFEEF47D854 /* Pods_Prueba_interRapidisimoTests.framework */; };
		3BBFFAC9BBDEECF90C644472 /* Pods_Prueba_interRapidisimo.framework in Frameworks */ = {isa = PBXBuildFile; fileRef = 51541077FBA60DA97B2C6351 /* Pods_Prueba_interRapidisimo.framework */; };
		CD202C422E01D4DD00287556 /* AppDelegate.swift in Sources */ = {isa = PBXBuildFile; fileRef = CD202C412E01D4DD00287556 /* AppDelegate.swift */; };
		CD202C462E01D4DD00287556 /* ViewController.swift in Sources */ = {isa = PBXBuildFile; fileRef = CD202C452E01D4DD00287556 /* ViewController.swift */; };
		CD202C492E01D4DD00287556 /* Base in Resources */ = {isa = PBXBuildFile; fileRef = CD202C482E01D4DD00287556 /* Base */; };
		CD202C4B2E01D4DF00287556 /* Assets.xcassets in Resources */ = {isa = PBXBuildFile; fileRef = CD202C4A2E01D4DF00287556 /* Assets.xcassets */; };
		CD202C4E2E01D4DF00287556 /* Base in Resources */ = {isa = PBXBuildFile; fileRef = CD202C4D2E01D4DF00287556 /* Base */; };
		CD202C592E01D4DF00287556 /* Prueba_interRapidisimoTests.swift in Sources */ = {isa = PBXBuildFile; fileRef = CD202C582E01D4DF00287556 /* Prueba_interRapidisimoTests.swift */; };
		CD202C632E01D4DF00287556 /* Prueba_interRapidisimoUITests.swift in Sources */ = {isa = PBXBuildFile; fileRef = CD202C622E01D4DF00287556 /* Prueba_interRapidisimoUITests.swift */; };
		CD202C652E01D4DF00287556 /* Prueba_interRapidisimoUITestsLaunchTests.swift in Sources */ = {isa = PBXBuildFile; fileRef = CD202C642E01D4DF00287556 /* Prueba_interRapidisimoUITestsLaunchTests.swift */; };
		CD5072C22E01DB4700FFDF20 /* VersionModuleModel.swift in Sources */ = {isa = PBXBuildFile; fileRef = CD5072B42E01DB4700FFDF20 /* VersionModuleModel.swift */; };
		CD5072C32E01DB4700FFDF20 /* VersionModuleInteractor.swift in Sources */ = {isa = PBXBuildFile; fileRef = CD5072B62E01DB4700FFDF20 /* VersionModuleInteractor.swift */; };
		CD5072C42E01DB4700FFDF20 /* VersionModulePresenter.swift in Sources */ = {isa = PBXBuildFile; fileRef = CD5072B82E01DB4700FFDF20 /* VersionModulePresenter.swift */; };
		CD5072C52E01DB4700FFDF20 /* VersionModuleRouter.swift in Sources */ = {isa = PBXBuildFile; fileRef = CD5072BA2E01DB4700FFDF20 /* VersionModuleRouter.swift */; };
		CD5072C62E01DB4700FFDF20 /* VersionModuleView.swift in Sources */ = {isa = PBXBuildFile; fileRef = CD5072BC2E01DB4700FFDF20 /* VersionModuleView.swift */; };
		CD5072C72E01DB4700FFDF20 /* VersionModuleViewController.swift in Sources */ = {isa = PBXBuildFile; fileRef = CD5072BD2E01DB4700FFDF20 /* VersionModuleViewController.swift */; };
		CD5072C82E01DB4700FFDF20 /* VersionModule.swift in Sources */ = {isa = PBXBuildFile; fileRef = CD5072BF2E01DB4700FFDF20 /* VersionModule.swift */; };
		CD5072C92E01DB4700FFDF20 /* VersionModuleProtocols.swift in Sources */ = {isa = PBXBuildFile; fileRef = CD5072C02E01DB4700FFDF20 /* VersionModuleProtocols.swift */; };
		CD5072CC2E023A8900FFDF20 /* AppModel.xcdatamodeld in Sources */ = {isa = PBXBuildFile; fileRef = CD5072CA2E023A8900FFDF20 /* AppModel.xcdatamodeld */; };
		CD5072CF2E02502600FFDF20 /* objects.swift in Sources */ = {isa = PBXBuildFile; fileRef = CD5072CE2E02502600FFDF20 /* objects.swift */; };
		CD5072D12E02565500FFDF20 /* Constraint.swift in Sources */ = {isa = PBXBuildFile; fileRef = CD5072D02E02565500FFDF20 /* Constraint.swift */; };
		CD5072E22E02640100FFDF20 /* TablesModuleModel.swift in Sources */ = {isa = PBXBuildFile; fileRef = CD5072D42E02640100FFDF20 /* TablesModuleModel.swift */; };
		CD5072E32E02640100FFDF20 /* TablesModuleInteractor.swift in Sources */ = {isa = PBXBuildFile; fileRef = CD5072D62E02640100FFDF20 /* TablesModuleInteractor.swift */; };
		CD5072E42E02640100FFDF20 /* TablesModulePresenter.swift in Sources */ = {isa = PBXBuildFile; fileRef = CD5072D82E02640100FFDF20 /* TablesModulePresenter.swift */; };
		CD5072E52E02640100FFDF20 /* TablesModuleRouter.swift in Sources */ = {isa = PBXBuildFile; fileRef = CD5072DA2E02640100FFDF20 /* TablesModuleRouter.swift */; };
		CD5072E72E02640100FFDF20 /* TablesModuleViewController.swift in Sources */ = {isa = PBXBuildFile; fileRef = CD5072DD2E02640100FFDF20 /* TablesModuleViewController.swift */; };
		CD5072E82E02640100FFDF20 /* TablesModule.swift in Sources */ = {isa = PBXBuildFile; fileRef = CD5072DF2E02640100FFDF20 /* TablesModule.swift */; };
		CD5072E92E02640100FFDF20 /* TablesModuleProtocols.swift in Sources */ = {isa = PBXBuildFile; fileRef = CD5072E02E02640100FFDF20 /* TablesModuleProtocols.swift */; };
		CD5072FA2E02643000FFDF20 /* LocalModuleModel.swift in Sources */ = {isa = PBXBuildFile; fileRef = CD5072EC2E02643000FFDF20 /* LocalModuleModel.swift */; };
		CD5072FB2E02643000FFDF20 /* LocalModuleInteractor.swift in Sources */ = {isa = PBXBuildFile; fileRef = CD5072EE2E02643000FFDF20 /* LocalModuleInteractor.swift */; };
		CD5072FC2E02643000FFDF20 /* LocalModulePresenter.swift in Sources */ = {isa = PBXBuildFile; fileRef = CD5072F02E02643000FFDF20 /* LocalModulePresenter.swift */; };
		CD5072FD2E02643000FFDF20 /* LocalModuleRouter.swift in Sources */ = {isa = PBXBuildFile; fileRef = CD5072F22E02643000FFDF20 /* LocalModuleRouter.swift */; };
		CD5072FF2E02643000FFDF20 /* LocalModuleViewController.swift in Sources */ = {isa = PBXBuildFile; fileRef = CD5072F52E02643000FFDF20 /* LocalModuleViewController.swift */; };
		CD5073002E02643000FFDF20 /* LocalModule.swift in Sources */ = {isa = PBXBuildFile; fileRef = CD5072F72E02643000FFDF20 /* LocalModule.swift */; };
		CD5073012E02643000FFDF20 /* LocalModuleProtocols.swift in Sources */ = {isa = PBXBuildFile; fileRef = CD5072F82E02643000FFDF20 /* LocalModuleProtocols.swift */; };
		CD58C1DD2E031C8D009C4995 /* cellDataEnum.swift in Sources */ = {isa = PBXBuildFile; fileRef = CD58C1DC2E031C8D009C4995 /* cellDataEnum.swift */; };
		CD58C1DF2E031CCC009C4995 /* customDataCellTableViewCell.swift in Sources */ = {isa = PBXBuildFile; fileRef = CD58C1DE2E031CCC009C4995 /* customDataCellTableViewCell.swift */; };
		F636FA3512972DF426A6D2F2 /* Pods_Prueba_interRapidisimo_Prueba_interRapidisimoUITests.framework in Frameworks */ = {isa = PBXBuildFile; fileRef = B0ABE15451EDEFBFBAFAEBAB /* Pods_Prueba_interRapidisimo_Prueba_interRapidisimoUITests.framework */; };
/* End PBXBuildFile section */

/* Begin PBXContainerItemProxy section */
		CD202C552E01D4DF00287556 /* PBXContainerItemProxy */ = {
			isa = PBXContainerItemProxy;
			containerPortal = CD202C362E01D4DD00287556 /* Project object */;
			proxyType = 1;
			remoteGlobalIDString = CD202C3D2E01D4DD00287556;
			remoteInfo = "Prueba-interRapidisimo";
		};
		CD202C5F2E01D4DF00287556 /* PBXContainerItemProxy */ = {
			isa = PBXContainerItemProxy;
			containerPortal = CD202C362E01D4DD00287556 /* Project object */;
			proxyType = 1;
			remoteGlobalIDString = CD202C3D2E01D4DD00287556;
			remoteInfo = "Prueba-interRapidisimo";
		};
/* End PBXContainerItemProxy section */

/* Begin PBXFileReference section */
		1EDEA59B996C5B00AC676467 /* Pods-Prueba-interRapidisimo.debug.xcconfig */ = {isa = PBXFileReference; includeInIndex = 1; lastKnownFileType = text.xcconfig; name = "Pods-Prueba-interRapidisimo.debug.xcconfig"; path = "Target Support Files/Pods-Prueba-interRapidisimo/Pods-Prueba-interRapidisimo.debug.xcconfig"; sourceTree = "<group>"; };
		51541077FBA60DA97B2C6351 /* Pods_Prueba_interRapidisimo.framework */ = {isa = PBXFileReference; explicitFileType = wrapper.framework; includeInIndex = 0; path = Pods_Prueba_interRapidisimo.framework; sourceTree = BUILT_PRODUCTS_DIR; };
		7092C619E84DEEFEEF47D854 /* Pods_Prueba_interRapidisimoTests.framework */ = {isa = PBXFileReference; explicitFileType = wrapper.framework; includeInIndex = 0; path = Pods_Prueba_interRapidisimoTests.framework; sourceTree = BUILT_PRODUCTS_DIR; };
		9E9171D2779DA019A478E328 /* Pods-Prueba-interRapidisimo.release.xcconfig */ = {isa = PBXFileReference; includeInIndex = 1; lastKnownFileType = text.xcconfig; name = "Pods-Prueba-interRapidisimo.release.xcconfig"; path = "Target Support Files/Pods-Prueba-interRapidisimo/Pods-Prueba-interRapidisimo.release.xcconfig"; sourceTree = "<group>"; };
		B0ABE15451EDEFBFBAFAEBAB /* Pods_Prueba_interRapidisimo_Prueba_interRapidisimoUITests.framework */ = {isa = PBXFileReference; explicitFileType = wrapper.framework; includeInIndex = 0; path = Pods_Prueba_interRapidisimo_Prueba_interRapidisimoUITests.framework; sourceTree = BUILT_PRODUCTS_DIR; };
		B63702C30032B743312FD11F /* Pods-Prueba-interRapidisimo-Prueba-interRapidisimoUITests.debug.xcconfig */ = {isa = PBXFileReference; includeInIndex = 1; lastKnownFileType = text.xcconfig; name = "Pods-Prueba-interRapidisimo-Prueba-interRapidisimoUITests.debug.xcconfig"; path = "Target Support Files/Pods-Prueba-interRapidisimo-Prueba-interRapidisimoUITests/Pods-Prueba-interRapidisimo-Prueba-interRapidisimoUITests.debug.xcconfig"; sourceTree = "<group>"; };
		C9FBF23916F319F8113F53A5 /* Pods-Prueba-interRapidisimoTests.release.xcconfig */ = {isa = PBXFileReference; includeInIndex = 1; lastKnownFileType = text.xcconfig; name = "Pods-Prueba-interRapidisimoTests.release.xcconfig"; path = "Target Support Files/Pods-Prueba-interRapidisimoTests/Pods-Prueba-interRapidisimoTests.release.xcconfig"; sourceTree = "<group>"; };
		CD202C3E2E01D4DD00287556 /* Prueba-interRapidisimo.app */ = {isa = PBXFileReference; explicitFileType = wrapper.application; includeInIndex = 0; path = "Prueba-interRapidisimo.app"; sourceTree = BUILT_PRODUCTS_DIR; };
		CD202C412E01D4DD00287556 /* AppDelegate.swift */ = {isa = PBXFileReference; lastKnownFileType = sourcecode.swift; path = AppDelegate.swift; sourceTree = "<group>"; };
		CD202C452E01D4DD00287556 /* ViewController.swift */ = {isa = PBXFileReference; lastKnownFileType = sourcecode.swift; path = ViewController.swift; sourceTree = "<group>"; };
		CD202C482E01D4DD00287556 /* Base */ = {isa = PBXFileReference; lastKnownFileType = file.storyboard; name = Base; path = Base.lproj/Main.storyboard; sourceTree = "<group>"; };
		CD202C4A2E01D4DF00287556 /* Assets.xcassets */ = {isa = PBXFileReference; lastKnownFileType = folder.assetcatalog; path = Assets.xcassets; sourceTree = "<group>"; };
		CD202C4D2E01D4DF00287556 /* Base */ = {isa = PBXFileReference; lastKnownFileType = file.storyboard; name = Base; path = Base.lproj/LaunchScreen.storyboard; sourceTree = "<group>"; };
		CD202C4F2E01D4DF00287556 /* Info.plist */ = {isa = PBXFileReference; lastKnownFileType = text.plist.xml; path = Info.plist; sourceTree = "<group>"; };
		CD202C542E01D4DF00287556 /* Prueba-interRapidisimoTests.xctest */ = {isa = PBXFileReference; explicitFileType = wrapper.cfbundle; includeInIndex = 0; path = "Prueba-interRapidisimoTests.xctest"; sourceTree = BUILT_PRODUCTS_DIR; };
		CD202C582E01D4DF00287556 /* Prueba_interRapidisimoTests.swift */ = {isa = PBXFileReference; lastKnownFileType = sourcecode.swift; path = Prueba_interRapidisimoTests.swift; sourceTree = "<group>"; };
		CD202C5E2E01D4DF00287556 /* Prueba-interRapidisimoUITests.xctest */ = {isa = PBXFileReference; explicitFileType = wrapper.cfbundle; includeInIndex = 0; path = "Prueba-interRapidisimoUITests.xctest"; sourceTree = BUILT_PRODUCTS_DIR; };
		CD202C622E01D4DF00287556 /* Prueba_interRapidisimoUITests.swift */ = {isa = PBXFileReference; lastKnownFileType = sourcecode.swift; path = Prueba_interRapidisimoUITests.swift; sourceTree = "<group>"; };
		CD202C642E01D4DF00287556 /* Prueba_interRapidisimoUITestsLaunchTests.swift */ = {isa = PBXFileReference; lastKnownFileType = sourcecode.swift; path = Prueba_interRapidisimoUITestsLaunchTests.swift; sourceTree = "<group>"; };
		CD5072B42E01DB4700FFDF20 /* VersionModuleModel.swift */ = {isa = PBXFileReference; fileEncoding = 4; lastKnownFileType = sourcecode.swift; path = VersionModuleModel.swift; sourceTree = "<group>"; };
		CD5072B62E01DB4700FFDF20 /* VersionModuleInteractor.swift */ = {isa = PBXFileReference; fileEncoding = 4; lastKnownFileType = sourcecode.swift; path = VersionModuleInteractor.swift; sourceTree = "<group>"; };
		CD5072B82E01DB4700FFDF20 /* VersionModulePresenter.swift */ = {isa = PBXFileReference; fileEncoding = 4; lastKnownFileType = sourcecode.swift; path = VersionModulePresenter.swift; sourceTree = "<group>"; };
		CD5072BA2E01DB4700FFDF20 /* VersionModuleRouter.swift */ = {isa = PBXFileReference; fileEncoding = 4; lastKnownFileType = sourcecode.swift; path = VersionModuleRouter.swift; sourceTree = "<group>"; };
		CD5072BC2E01DB4700FFDF20 /* VersionModuleView.swift */ = {isa = PBXFileReference; fileEncoding = 4; lastKnownFileType = sourcecode.swift; path = VersionModuleView.swift; sourceTree = "<group>"; };
		CD5072BD2E01DB4700FFDF20 /* VersionModuleViewController.swift */ = {isa = PBXFileReference; fileEncoding = 4; lastKnownFileType = sourcecode.swift; path = VersionModuleViewController.swift; sourceTree = "<group>"; };
		CD5072BF2E01DB4700FFDF20 /* VersionModule.swift */ = {isa = PBXFileReference; fileEncoding = 4; lastKnownFileType = sourcecode.swift; path = VersionModule.swift; sourceTree = "<group>"; };
		CD5072C02E01DB4700FFDF20 /* VersionModuleProtocols.swift */ = {isa = PBXFileReference; fileEncoding = 4; lastKnownFileType = sourcecode.swift; path = VersionModuleProtocols.swift; sourceTree = "<group>"; };
		CD5072CB2E023A8900FFDF20 /* AppModel.xcdatamodel */ = {isa = PBXFileReference; lastKnownFileType = wrapper.xcdatamodel; path = AppModel.xcdatamodel; sourceTree = "<group>"; };
		CD5072CE2E02502600FFDF20 /* objects.swift */ = {isa = PBXFileReference; lastKnownFileType = sourcecode.swift; path = objects.swift; sourceTree = "<group>"; };
		CD5072D02E02565500FFDF20 /* Constraint.swift */ = {isa = PBXFileReference; lastKnownFileType = sourcecode.swift; path = Constraint.swift; sourceTree = "<group>"; };
		CD5072D42E02640100FFDF20 /* TablesModuleModel.swift */ = {isa = PBXFileReference; fileEncoding = 4; lastKnownFileType = sourcecode.swift; path = TablesModuleModel.swift; sourceTree = "<group>"; };
		CD5072D62E02640100FFDF20 /* TablesModuleInteractor.swift */ = {isa = PBXFileReference; fileEncoding = 4; lastKnownFileType = sourcecode.swift; path = TablesModuleInteractor.swift; sourceTree = "<group>"; };
		CD5072D82E02640100FFDF20 /* TablesModulePresenter.swift */ = {isa = PBXFileReference; fileEncoding = 4; lastKnownFileType = sourcecode.swift; path = TablesModulePresenter.swift; sourceTree = "<group>"; };
		CD5072DA2E02640100FFDF20 /* TablesModuleRouter.swift */ = {isa = PBXFileReference; fileEncoding = 4; lastKnownFileType = sourcecode.swift; path = TablesModuleRouter.swift; sourceTree = "<group>"; };
		CD5072DD2E02640100FFDF20 /* TablesModuleViewController.swift */ = {isa = PBXFileReference; fileEncoding = 4; lastKnownFileType = sourcecode.swift; path = TablesModuleViewController.swift; sourceTree = "<group>"; };
		CD5072DF2E02640100FFDF20 /* TablesModule.swift */ = {isa = PBXFileReference; fileEncoding = 4; lastKnownFileType = sourcecode.swift; path = TablesModule.swift; sourceTree = "<group>"; };
		CD5072E02E02640100FFDF20 /* TablesModuleProtocols.swift */ = {isa = PBXFileReference; fileEncoding = 4; lastKnownFileType = sourcecode.swift; path = TablesModuleProtocols.swift; sourceTree = "<group>"; };
		CD5072EC2E02643000FFDF20 /* LocalModuleModel.swift */ = {isa = PBXFileReference; fileEncoding = 4; lastKnownFileType = sourcecode.swift; path = LocalModuleModel.swift; sourceTree = "<group>"; };
		CD5072EE2E02643000FFDF20 /* LocalModuleInteractor.swift */ = {isa = PBXFileReference; fileEncoding = 4; lastKnownFileType = sourcecode.swift; path = LocalModuleInteractor.swift; sourceTree = "<group>"; };
		CD5072F02E02643000FFDF20 /* LocalModulePresenter.swift */ = {isa = PBXFileReference; fileEncoding = 4; lastKnownFileType = sourcecode.swift; path = LocalModulePresenter.swift; sourceTree = "<group>"; };
		CD5072F22E02643000FFDF20 /* LocalModuleRouter.swift */ = {isa = PBXFileReference; fileEncoding = 4; lastKnownFileType = sourcecode.swift; path = LocalModuleRouter.swift; sourceTree = "<group>"; };
		CD5072F52E02643000FFDF20 /* LocalModuleViewController.swift */ = {isa = PBXFileReference; fileEncoding = 4; lastKnownFileType = sourcecode.swift; path = LocalModuleViewController.swift; sourceTree = "<group>"; };
		CD5072F72E02643000FFDF20 /* LocalModule.swift */ = {isa = PBXFileReference; fileEncoding = 4; lastKnownFileType = sourcecode.swift; path = LocalModule.swift; sourceTree = "<group>"; };
		CD5072F82E02643000FFDF20 /* LocalModuleProtocols.swift */ = {isa = PBXFileReference; fileEncoding = 4; lastKnownFileType = sourcecode.swift; path = LocalModuleProtocols.swift; sourceTree = "<group>"; };
		CD58C1DC2E031C8D009C4995 /* cellDataEnum.swift */ = {isa = PBXFileReference; lastKnownFileType = sourcecode.swift; path = cellDataEnum.swift; sourceTree = "<group>"; };
		CD58C1DE2E031CCC009C4995 /* customDataCellTableViewCell.swift */ = {isa = PBXFileReference; lastKnownFileType = sourcecode.swift; path = customDataCellTableViewCell.swift; sourceTree = "<group>"; };
		EBD1CA88AB179375CA80ECFA /* Pods-Prueba-interRapidisimoTests.debug.xcconfig */ = {isa = PBXFileReference; includeInIndex = 1; lastKnownFileType = text.xcconfig; name = "Pods-Prueba-interRapidisimoTests.debug.xcconfig"; path = "Target Support Files/Pods-Prueba-interRapidisimoTests/Pods-Prueba-interRapidisimoTests.debug.xcconfig"; sourceTree = "<group>"; };
		FC4CCFC54ED5FAC598FC9FB9 /* Pods-Prueba-interRapidisimo-Prueba-interRapidisimoUITests.release.xcconfig */ = {isa = PBXFileReference; includeInIndex = 1; lastKnownFileType = text.xcconfig; name = "Pods-Prueba-interRapidisimo-Prueba-interRapidisimoUITests.release.xcconfig"; path = "Target Support Files/Pods-Prueba-interRapidisimo-Prueba-interRapidisimoUITests/Pods-Prueba-interRapidisimo-Prueba-interRapidisimoUITests.release.xcconfig"; sourceTree = "<group>"; };
/* End PBXFileReference section */

/* Begin PBXFrameworksBuildPhase section */
		CD202C3B2E01D4DD00287556 /* Frameworks */ = {
			isa = PBXFrameworksBuildPhase;
			buildActionMask = 2147483647;
			files = (
				3BBFFAC9BBDEECF90C644472 /* Pods_Prueba_interRapidisimo.framework in Frameworks */,
			);
			runOnlyForDeploymentPostprocessing = 0;
		};
		CD202C512E01D4DF00287556 /* Frameworks */ = {
			isa = PBXFrameworksBuildPhase;
			buildActionMask = 2147483647;
			files = (
				14522A9A00EF9EE337BD7078 /* Pods_Prueba_interRapidisimoTests.framework in Frameworks */,
			);
			runOnlyForDeploymentPostprocessing = 0;
		};
		CD202C5B2E01D4DF00287556 /* Frameworks */ = {
			isa = PBXFrameworksBuildPhase;
			buildActionMask = 2147483647;
			files = (
				F636FA3512972DF426A6D2F2 /* Pods_Prueba_interRapidisimo_Prueba_interRapidisimoUITests.framework in Frameworks */,
			);
			runOnlyForDeploymentPostprocessing = 0;
		};
/* End PBXFrameworksBuildPhase section */

/* Begin PBXGroup section */
		2437A4D1DF9E97422A9A4C90 /* Pods */ = {
			isa = PBXGroup;
			children = (
				1EDEA59B996C5B00AC676467 /* Pods-Prueba-interRapidisimo.debug.xcconfig */,
				9E9171D2779DA019A478E328 /* Pods-Prueba-interRapidisimo.release.xcconfig */,
				B63702C30032B743312FD11F /* Pods-Prueba-interRapidisimo-Prueba-interRapidisimoUITests.debug.xcconfig */,
				FC4CCFC54ED5FAC598FC9FB9 /* Pods-Prueba-interRapidisimo-Prueba-interRapidisimoUITests.release.xcconfig */,
				EBD1CA88AB179375CA80ECFA /* Pods-Prueba-interRapidisimoTests.debug.xcconfig */,
				C9FBF23916F319F8113F53A5 /* Pods-Prueba-interRapidisimoTests.release.xcconfig */,
			);
			path = Pods;
			sourceTree = "<group>";
		};
		919D655A0B089B5EB9637ABA /* Frameworks */ = {
			isa = PBXGroup;
			children = (
				51541077FBA60DA97B2C6351 /* Pods_Prueba_interRapidisimo.framework */,
				B0ABE15451EDEFBFBAFAEBAB /* Pods_Prueba_interRapidisimo_Prueba_interRapidisimoUITests.framework */,
				7092C619E84DEEFEEF47D854 /* Pods_Prueba_interRapidisimoTests.framework */,
			);
			name = Frameworks;
			sourceTree = "<group>";
		};
		CD202C352E01D4DD00287556 = {
			isa = PBXGroup;
			children = (
				CD202C402E01D4DD00287556 /* Prueba-interRapidisimo */,
				CD202C572E01D4DF00287556 /* Prueba-interRapidisimoTests */,
				CD202C612E01D4DF00287556 /* Prueba-interRapidisimoUITests */,
				CD202C3F2E01D4DD00287556 /* Products */,
				2437A4D1DF9E97422A9A4C90 /* Pods */,
				919D655A0B089B5EB9637ABA /* Frameworks */,
			);
			sourceTree = "<group>";
		};
		CD202C3F2E01D4DD00287556 /* Products */ = {
			isa = PBXGroup;
			children = (
				CD202C3E2E01D4DD00287556 /* Prueba-interRapidisimo.app */,
				CD202C542E01D4DF00287556 /* Prueba-interRapidisimoTests.xctest */,
				CD202C5E2E01D4DF00287556 /* Prueba-interRapidisimoUITests.xctest */,
			);
			name = Products;
			sourceTree = "<group>";
		};
		CD202C402E01D4DD00287556 /* Prueba-interRapidisimo */ = {
			isa = PBXGroup;
			children = (
				CD5072B12E01DB0400FFDF20 /* Modules */,
				CD202C412E01D4DD00287556 /* AppDelegate.swift */,
				CD202C452E01D4DD00287556 /* ViewController.swift */,
				CD202C472E01D4DD00287556 /* Main.storyboard */,
				CD202C4A2E01D4DF00287556 /* Assets.xcassets */,
				CD202C4C2E01D4DF00287556 /* LaunchScreen.storyboard */,
				CD202C4F2E01D4DF00287556 /* Info.plist */,
				CD5072CA2E023A8900FFDF20 /* AppModel.xcdatamodeld */,
			);
			path = "Prueba-interRapidisimo";
			sourceTree = "<group>";
		};
		CD202C572E01D4DF00287556 /* Prueba-interRapidisimoTests */ = {
			isa = PBXGroup;
			children = (
				CD202C582E01D4DF00287556 /* Prueba_interRapidisimoTests.swift */,
			);
			path = "Prueba-interRapidisimoTests";
			sourceTree = "<group>";
		};
		CD202C612E01D4DF00287556 /* Prueba-interRapidisimoUITests */ = {
			isa = PBXGroup;
			children = (
				CD202C622E01D4DF00287556 /* Prueba_interRapidisimoUITests.swift */,
				CD202C642E01D4DF00287556 /* Prueba_interRapidisimoUITestsLaunchTests.swift */,
			);
			path = "Prueba-interRapidisimoUITests";
			sourceTree = "<group>";
		};
		CD5072B12E01DB0400FFDF20 /* Modules */ = {
			isa = PBXGroup;
			children = (
				CD5072F92E02643000FFDF20 /* LocalModule */,
				CD5072E12E02640100FFDF20 /* TablesModule */,
				CD5072CD2E024FF100FFDF20 /* Utils */,
				CD5072C12E01DB4700FFDF20 /* VersionModule */,
			);
			path = Modules;
			sourceTree = "<group>";
		};
		CD5072B52E01DB4700FFDF20 /* Entity */ = {
			isa = PBXGroup;
			children = (
				CD5072B42E01DB4700FFDF20 /* VersionModuleModel.swift */,
			);
			path = Entity;
			sourceTree = "<group>";
		};
		CD5072B72E01DB4700FFDF20 /* Interactor */ = {
			isa = PBXGroup;
			children = (
				CD5072B62E01DB4700FFDF20 /* VersionModuleInteractor.swift */,
			);
			path = Interactor;
			sourceTree = "<group>";
		};
		CD5072B92E01DB4700FFDF20 /* Presenter */ = {
			isa = PBXGroup;
			children = (
				CD5072B82E01DB4700FFDF20 /* VersionModulePresenter.swift */,
			);
			path = Presenter;
			sourceTree = "<group>";
		};
		CD5072BB2E01DB4700FFDF20 /* Router */ = {
			isa = PBXGroup;
			children = (
				CD5072BA2E01DB4700FFDF20 /* VersionModuleRouter.swift */,
			);
			path = Router;
			sourceTree = "<group>";
		};
		CD5072BE2E01DB4700FFDF20 /* View */ = {
			isa = PBXGroup;
			children = (
				CD5072BC2E01DB4700FFDF20 /* VersionModuleView.swift */,
				CD5072BD2E01DB4700FFDF20 /* VersionModuleViewController.swift */,
			);
			path = View;
			sourceTree = "<group>";
		};
		CD5072C12E01DB4700FFDF20 /* VersionModule */ = {
			isa = PBXGroup;
			children = (
				CD5072B52E01DB4700FFDF20 /* Entity */,
				CD5072B72E01DB4700FFDF20 /* Interactor */,
				CD5072B92E01DB4700FFDF20 /* Presenter */,
				CD5072BB2E01DB4700FFDF20 /* Router */,
				CD5072BE2E01DB4700FFDF20 /* View */,
				CD5072BF2E01DB4700FFDF20 /* VersionModule.swift */,
				CD5072C02E01DB4700FFDF20 /* VersionModuleProtocols.swift */,
			);
			path = VersionModule;
			sourceTree = "<group>";
		};
		CD5072CD2E024FF100FFDF20 /* Utils */ = {
			isa = PBXGroup;
			children = (
				CD5072CE2E02502600FFDF20 /* objects.swift */,
				CD5072D02E02565500FFDF20 /* Constraint.swift */,
				CD58C1DC2E031C8D009C4995 /* cellDataEnum.swift */,
				CD58C1DE2E031CCC009C4995 /* customDataCellTableViewCell.swift */,
			);
			path = Utils;
			sourceTree = "<group>";
		};
		CD5072D52E02640100FFDF20 /* Entity */ = {
			isa = PBXGroup;
			children = (
				CD5072D42E02640100FFDF20 /* TablesModuleModel.swift */,
			);
			path = Entity;
			sourceTree = "<group>";
		};
		CD5072D72E02640100FFDF20 /* Interactor */ = {
			isa = PBXGroup;
			children = (
				CD5072D62E02640100FFDF20 /* TablesModuleInteractor.swift */,
			);
			path = Interactor;
			sourceTree = "<group>";
		};
		CD5072D92E02640100FFDF20 /* Presenter */ = {
			isa = PBXGroup;
			children = (
				CD5072D82E02640100FFDF20 /* TablesModulePresenter.swift */,
			);
			path = Presenter;
			sourceTree = "<group>";
		};
		CD5072DB2E02640100FFDF20 /* Router */ = {
			isa = PBXGroup;
			children = (
				CD5072DA2E02640100FFDF20 /* TablesModuleRouter.swift */,
			);
			path = Router;
			sourceTree = "<group>";
		};
		CD5072DE2E02640100FFDF20 /* View */ = {
			isa = PBXGroup;
			children = (
				CD5072DD2E02640100FFDF20 /* TablesModuleViewController.swift */,
			);
			path = View;
			sourceTree = "<group>";
		};
		CD5072E12E02640100FFDF20 /* TablesModule */ = {
			isa = PBXGroup;
			children = (
				CD5072D52E02640100FFDF20 /* Entity */,
				CD5072D72E02640100FFDF20 /* Interactor */,
				CD5072D92E02640100FFDF20 /* Presenter */,
				CD5072DB2E02640100FFDF20 /* Router */,
				CD5072DE2E02640100FFDF20 /* View */,
				CD5072DF2E02640100FFDF20 /* TablesModule.swift */,
				CD5072E02E02640100FFDF20 /* TablesModuleProtocols.swift */,
			);
			path = TablesModule;
			sourceTree = "<group>";
		};
		CD5072ED2E02643000FFDF20 /* Entity */ = {
			isa = PBXGroup;
			children = (
				CD5072EC2E02643000FFDF20 /* LocalModuleModel.swift */,
			);
			path = Entity;
			sourceTree = "<group>";
		};
		CD5072EF2E02643000FFDF20 /* Interactor */ = {
			isa = PBXGroup;
			children = (
				CD5072EE2E02643000FFDF20 /* LocalModuleInteractor.swift */,
			);
			path = Interactor;
			sourceTree = "<group>";
		};
		CD5072F12E02643000FFDF20 /* Presenter */ = {
			isa = PBXGroup;
			children = (
				CD5072F02E02643000FFDF20 /* LocalModulePresenter.swift */,
			);
			path = Presenter;
			sourceTree = "<group>";
		};
		CD5072F32E02643000FFDF20 /* Router */ = {
			isa = PBXGroup;
			children = (
				CD5072F22E02643000FFDF20 /* LocalModuleRouter.swift */,
			);
			path = Router;
			sourceTree = "<group>";
		};
		CD5072F62E02643000FFDF20 /* View */ = {
			isa = PBXGroup;
			children = (
				CD5072F52E02643000FFDF20 /* LocalModuleViewController.swift */,
			);
			path = View;
			sourceTree = "<group>";
		};
		CD5072F92E02643000FFDF20 /* LocalModule */ = {
			isa = PBXGroup;
			children = (
				CD5072ED2E02643000FFDF20 /* Entity */,
				CD5072EF2E02643000FFDF20 /* Interactor */,
				CD5072F12E02643000FFDF20 /* Presenter */,
				CD5072F32E02643000FFDF20 /* Router */,
				CD5072F62E02643000FFDF20 /* View */,
				CD5072F72E02643000FFDF20 /* LocalModule.swift */,
				CD5072F82E02643000FFDF20 /* LocalModuleProtocols.swift */,
			);
			path = LocalModule;
			sourceTree = "<group>";
		};
/* End PBXGroup section */

/* Begin PBXNativeTarget section */
		CD202C3D2E01D4DD00287556 /* Prueba-interRapidisimo */ = {
			isa = PBXNativeTarget;
			buildConfigurationList = CD202C682E01D4DF00287556 /* Build configuration list for PBXNativeTarget "Prueba-interRapidisimo" */;
			buildPhases = (
				16FB6C5696BB042D9C221F66 /* [CP] Check Pods Manifest.lock */,
				CD202C3A2E01D4DD00287556 /* Sources */,
				CD202C3B2E01D4DD00287556 /* Frameworks */,
				CD202C3C2E01D4DD00287556 /* Resources */,
				8598CE654047459D32C17A6B /* [CP] Embed Pods Frameworks */,
			);
			buildRules = (
			);
			dependencies = (
			);
			name = "Prueba-interRapidisimo";
			productName = "Prueba-interRapidisimo";
			productReference = CD202C3E2E01D4DD00287556 /* Prueba-interRapidisimo.app */;
			productType = "com.apple.product-type.application";
		};
		CD202C532E01D4DF00287556 /* Prueba-interRapidisimoTests */ = {
			isa = PBXNativeTarget;
			buildConfigurationList = CD202C6B2E01D4DF00287556 /* Build configuration list for PBXNativeTarget "Prueba-interRapidisimoTests" */;
			buildPhases = (
				B861BC5B26DE0EEE0F7F226C /* [CP] Check Pods Manifest.lock */,
				CD202C502E01D4DF00287556 /* Sources */,
				CD202C512E01D4DF00287556 /* Frameworks */,
				CD202C522E01D4DF00287556 /* Resources */,
			);
			buildRules = (
			);
			dependencies = (
				CD202C562E01D4DF00287556 /* PBXTargetDependency */,
			);
			name = "Prueba-interRapidisimoTests";
			productName = "Prueba-interRapidisimoTests";
			productReference = CD202C542E01D4DF00287556 /* Prueba-interRapidisimoTests.xctest */;
			productType = "com.apple.product-type.bundle.unit-test";
		};
		CD202C5D2E01D4DF00287556 /* Prueba-interRapidisimoUITests */ = {
			isa = PBXNativeTarget;
			buildConfigurationList = CD202C6E2E01D4DF00287556 /* Build configuration list for PBXNativeTarget "Prueba-interRapidisimoUITests" */;
			buildPhases = (
				11102D9A6A33253F5E58DF58 /* [CP] Check Pods Manifest.lock */,
				CD202C5A2E01D4DF00287556 /* Sources */,
				CD202C5B2E01D4DF00287556 /* Frameworks */,
				CD202C5C2E01D4DF00287556 /* Resources */,
				4599A6C0BE60462E2E1112A1 /* [CP] Embed Pods Frameworks */,
			);
			buildRules = (
			);
			dependencies = (
				CD202C602E01D4DF00287556 /* PBXTargetDependency */,
			);
			name = "Prueba-interRapidisimoUITests";
			productName = "Prueba-interRapidisimoUITests";
			productReference = CD202C5E2E01D4DF00287556 /* Prueba-interRapidisimoUITests.xctest */;
			productType = "com.apple.product-type.bundle.ui-testing";
		};
/* End PBXNativeTarget section */

/* Begin PBXProject section */
		CD202C362E01D4DD00287556 /* Project object */ = {
			isa = PBXProject;
			attributes = {
				BuildIndependentTargetsInParallel = 1;
				LastSwiftUpdateCheck = 1530;
				LastUpgradeCheck = 1530;
				TargetAttributes = {
					CD202C3D2E01D4DD00287556 = {
						CreatedOnToolsVersion = 15.3;
					};
					CD202C532E01D4DF00287556 = {
						CreatedOnToolsVersion = 15.3;
						TestTargetID = CD202C3D2E01D4DD00287556;
					};
					CD202C5D2E01D4DF00287556 = {
						CreatedOnToolsVersion = 15.3;
						TestTargetID = CD202C3D2E01D4DD00287556;
					};
				};
			};
			buildConfigurationList = CD202C392E01D4DD00287556 /* Build configuration list for PBXProject "Prueba-interRapidisimo" */;
			compatibilityVersion = "Xcode 14.0";
			developmentRegion = en;
			hasScannedForEncodings = 0;
			knownRegions = (
				en,
				Base,
			);
			mainGroup = CD202C352E01D4DD00287556;
			productRefGroup = CD202C3F2E01D4DD00287556 /* Products */;
			projectDirPath = "";
			projectRoot = "";
			targets = (
				CD202C3D2E01D4DD00287556 /* Prueba-interRapidisimo */,
				CD202C532E01D4DF00287556 /* Prueba-interRapidisimoTests */,
				CD202C5D2E01D4DF00287556 /* Prueba-interRapidisimoUITests */,
			);
		};
/* End PBXProject section */

/* Begin PBXResourcesBuildPhase section */
		CD202C3C2E01D4DD00287556 /* Resources */ = {
			isa = PBXResourcesBuildPhase;
			buildActionMask = 2147483647;
			files = (
				CD202C4B2E01D4DF00287556 /* Assets.xcassets in Resources */,
				CD202C4E2E01D4DF00287556 /* Base in Resources */,
				CD202C492E01D4DD00287556 /* Base in Resources */,
			);
			runOnlyForDeploymentPostprocessing = 0;
		};
		CD202C522E01D4DF00287556 /* Resources */ = {
			isa = PBXResourcesBuildPhase;
			buildActionMask = 2147483647;
			files = (
			);
			runOnlyForDeploymentPostprocessing = 0;
		};
		CD202C5C2E01D4DF00287556 /* Resources */ = {
			isa = PBXResourcesBuildPhase;
			buildActionMask = 2147483647;
			files = (
			);
			runOnlyForDeploymentPostprocessing = 0;
		};
/* End PBXResourcesBuildPhase section */

/* Begin PBXShellScriptBuildPhase section */
		11102D9A6A33253F5E58DF58 /* [CP] Check Pods Manifest.lock */ = {
			isa = PBXShellScriptBuildPhase;
			buildActionMask = 2147483647;
			files = (
			);
			inputFileListPaths = (
			);
			inputPaths = (
				"${PODS_PODFILE_DIR_PATH}/Podfile.lock",
				"${PODS_ROOT}/Manifest.lock",
			);
			name = "[CP] Check Pods Manifest.lock";
			outputFileListPaths = (
			);
			outputPaths = (
				"$(DERIVED_FILE_DIR)/Pods-Prueba-interRapidisimo-Prueba-interRapidisimoUITests-checkManifestLockResult.txt",
			);
			runOnlyForDeploymentPostprocessing = 0;
			shellPath = /bin/sh;
			shellScript = "diff \"${PODS_PODFILE_DIR_PATH}/Podfile.lock\" \"${PODS_ROOT}/Manifest.lock\" > /dev/null\nif [ $? != 0 ] ; then\n    # print error to STDERR\n    echo \"error: The sandbox is not in sync with the Podfile.lock. Run 'pod install' or update your CocoaPods installation.\" >&2\n    exit 1\nfi\n# This output is used by Xcode 'outputs' to avoid re-running this script phase.\necho \"SUCCESS\" > \"${SCRIPT_OUTPUT_FILE_0}\"\n";
			showEnvVarsInLog = 0;
		};
		16FB6C5696BB042D9C221F66 /* [CP] Check Pods Manifest.lock */ = {
			isa = PBXShellScriptBuildPhase;
			buildActionMask = 2147483647;
			files = (
			);
			inputFileListPaths = (
			);
			inputPaths = (
				"${PODS_PODFILE_DIR_PATH}/Podfile.lock",
				"${PODS_ROOT}/Manifest.lock",
			);
			name = "[CP] Check Pods Manifest.lock";
			outputFileListPaths = (
			);
			outputPaths = (
				"$(DERIVED_FILE_DIR)/Pods-Prueba-interRapidisimo-checkManifestLockResult.txt",
			);
			runOnlyForDeploymentPostprocessing = 0;
			shellPath = /bin/sh;
			shellScript = "diff \"${PODS_PODFILE_DIR_PATH}/Podfile.lock\" \"${PODS_ROOT}/Manifest.lock\" > /dev/null\nif [ $? != 0 ] ; then\n    # print error to STDERR\n    echo \"error: The sandbox is not in sync with the Podfile.lock. Run 'pod install' or update your CocoaPods installation.\" >&2\n    exit 1\nfi\n# This output is used by Xcode 'outputs' to avoid re-running this script phase.\necho \"SUCCESS\" > \"${SCRIPT_OUTPUT_FILE_0}\"\n";
			showEnvVarsInLog = 0;
		};
		4599A6C0BE60462E2E1112A1 /* [CP] Embed Pods Frameworks */ = {
			isa = PBXShellScriptBuildPhase;
			buildActionMask = 2147483647;
			files = (
			);
			inputFileListPaths = (
				"${PODS_ROOT}/Target Support Files/Pods-Prueba-interRapidisimo-Prueba-interRapidisimoUITests/Pods-Prueba-interRapidisimo-Prueba-interRapidisimoUITests-frameworks-${CONFIGURATION}-input-files.xcfilelist",
			);
			name = "[CP] Embed Pods Frameworks";
			outputFileListPaths = (
				"${PODS_ROOT}/Target Support Files/Pods-Prueba-interRapidisimo-Prueba-interRapidisimoUITests/Pods-Prueba-interRapidisimo-Prueba-interRapidisimoUITests-frameworks-${CONFIGURATION}-output-files.xcfilelist",
			);
			runOnlyForDeploymentPostprocessing = 0;
			shellPath = /bin/sh;
			shellScript = "\"${PODS_ROOT}/Target Support Files/Pods-Prueba-interRapidisimo-Prueba-interRapidisimoUITests/Pods-Prueba-interRapidisimo-Prueba-interRapidisimoUITests-frameworks.sh\"\n";
			showEnvVarsInLog = 0;
		};
		8598CE654047459D32C17A6B /* [CP] Embed Pods Frameworks */ = {
			isa = PBXShellScriptBuildPhase;
			buildActionMask = 2147483647;
			files = (
			);
			inputFileListPaths = (
				"${PODS_ROOT}/Target Support Files/Pods-Prueba-interRapidisimo/Pods-Prueba-interRapidisimo-frameworks-${CONFIGURATION}-input-files.xcfilelist",
			);
			name = "[CP] Embed Pods Frameworks";
			outputFileListPaths = (
				"${PODS_ROOT}/Target Support Files/Pods-Prueba-interRapidisimo/Pods-Prueba-interRapidisimo-frameworks-${CONFIGURATION}-output-files.xcfilelist",
			);
			runOnlyForDeploymentPostprocessing = 0;
			shellPath = /bin/sh;
			shellScript = "\"${PODS_ROOT}/Target Support Files/Pods-Prueba-interRapidisimo/Pods-Prueba-interRapidisimo-frameworks.sh\"\n";
			showEnvVarsInLog = 0;
		};
		B861BC5B26DE0EEE0F7F226C /* [CP] Check Pods Manifest.lock */ = {
			isa = PBXShellScriptBuildPhase;
			buildActionMask = 2147483647;
			files = (
			);
			inputFileListPaths = (
			);
			inputPaths = (
				"${PODS_PODFILE_DIR_PATH}/Podfile.lock",
				"${PODS_ROOT}/Manifest.lock",
			);
			name = "[CP] Check Pods Manifest.lock";
			outputFileListPaths = (
			);
			outputPaths = (
				"$(DERIVED_FILE_DIR)/Pods-Prueba-interRapidisimoTests-checkManifestLockResult.txt",
			);
			runOnlyForDeploymentPostprocessing = 0;
			shellPath = /bin/sh;
			shellScript = "diff \"${PODS_PODFILE_DIR_PATH}/Podfile.lock\" \"${PODS_ROOT}/Manifest.lock\" > /dev/null\nif [ $? != 0 ] ; then\n    # print error to STDERR\n    echo \"error: The sandbox is not in sync with the Podfile.lock. Run 'pod install' or update your CocoaPods installation.\" >&2\n    exit 1\nfi\n# This output is used by Xcode 'outputs' to avoid re-running this script phase.\necho \"SUCCESS\" > \"${SCRIPT_OUTPUT_FILE_0}\"\n";
			showEnvVarsInLog = 0;
		};
/* End PBXShellScriptBuildPhase section */

/* Begin PBXSourcesBuildPhase section */
		CD202C3A2E01D4DD00287556 /* Sources */ = {
			isa = PBXSourcesBuildPhase;
			buildActionMask = 2147483647;
			files = (
				CD5072C22E01DB4700FFDF20 /* VersionModuleModel.swift in Sources */,
				CD5072C62E01DB4700FFDF20 /* VersionModuleView.swift in Sources */,
				CD5072C42E01DB4700FFDF20 /* VersionModulePresenter.swift in Sources */,
				CD5072E32E02640100FFDF20 /* TablesModuleInteractor.swift in Sources */,
				CD5072FD2E02643000FFDF20 /* LocalModuleRouter.swift in Sources */,
				CD5072C92E01DB4700FFDF20 /* VersionModuleProtocols.swift in Sources */,
				CD5072FA2E02643000FFDF20 /* LocalModuleModel.swift in Sources */,
				CD5072FC2E02643000FFDF20 /* LocalModulePresenter.swift in Sources */,
				CD58C1DD2E031C8D009C4995 /* cellDataEnum.swift in Sources */,
				CD5072C52E01DB4700FFDF20 /* VersionModuleRouter.swift in Sources */,
				CD5073002E02643000FFDF20 /* LocalModule.swift in Sources */,
				CD5072FF2E02643000FFDF20 /* LocalModuleViewController.swift in Sources */,
				CD5072C82E01DB4700FFDF20 /* VersionModule.swift in Sources */,
				CD5072CF2E02502600FFDF20 /* objects.swift in Sources */,
				CD5072C72E01DB4700FFDF20 /* VersionModuleViewController.swift in Sources */,
				CD5073012E02643000FFDF20 /* LocalModuleProtocols.swift in Sources */,
				CD5072E72E02640100FFDF20 /* TablesModuleViewController.swift in Sources */,
				CD5072E82E02640100FFDF20 /* TablesModule.swift in Sources */,
				CD5072E22E02640100FFDF20 /* TablesModuleModel.swift in Sources */,
				CD5072CC2E023A8900FFDF20 /* AppModel.xcdatamodeld in Sources */,
				CD5072E52E02640100FFDF20 /* TablesModuleRouter.swift in Sources */,
				CD5072FB2E02643000FFDF20 /* LocalModuleInteractor.swift in Sources */,
				CD202C462E01D4DD00287556 /* ViewController.swift in Sources */,
				CD202C422E01D4DD00287556 /* AppDelegate.swift in Sources */,
				CD5072C32E01DB4700FFDF20 /* VersionModuleInteractor.swift in Sources */,
				CD5072D12E02565500FFDF20 /* Constraint.swift in Sources */,
				CD5072E42E02640100FFDF20 /* TablesModulePresenter.swift in Sources */,
				CD5072E92E02640100FFDF20 /* TablesModuleProtocols.swift in Sources */,
				CD58C1DF2E031CCC009C4995 /* customDataCellTableViewCell.swift in Sources */,
			);
			runOnlyForDeploymentPostprocessing = 0;
		};
		CD202C502E01D4DF00287556 /* Sources */ = {
			isa = PBXSourcesBuildPhase;
			buildActionMask = 2147483647;
			files = (
				CD202C592E01D4DF00287556 /* Prueba_interRapidisimoTests.swift in Sources */,
			);
			runOnlyForDeploymentPostprocessing = 0;
		};
		CD202C5A2E01D4DF00287556 /* Sources */ = {
			isa = PBXSourcesBuildPhase;
			buildActionMask = 2147483647;
			files = (
				CD202C632E01D4DF00287556 /* Prueba_interRapidisimoUITests.swift in Sources */,
				CD202C652E01D4DF00287556 /* Prueba_interRapidisimoUITestsLaunchTests.swift in Sources */,
			);
			runOnlyForDeploymentPostprocessing = 0;
		};
/* End PBXSourcesBuildPhase section */

/* Begin PBXTargetDependency section */
		CD202C562E01D4DF00287556 /* PBXTargetDependency */ = {
			isa = PBXTargetDependency;
			target = CD202C3D2E01D4DD00287556 /* Prueba-interRapidisimo */;
			targetProxy = CD202C552E01D4DF00287556 /* PBXContainerItemProxy */;
		};
		CD202C602E01D4DF00287556 /* PBXTargetDependency */ = {
			isa = PBXTargetDependency;
			target = CD202C3D2E01D4DD00287556 /* Prueba-interRapidisimo */;
			targetProxy = CD202C5F2E01D4DF00287556 /* PBXContainerItemProxy */;
		};
/* End PBXTargetDependency section */

/* Begin PBXVariantGroup section */
		CD202C472E01D4DD00287556 /* Main.storyboard */ = {
			isa = PBXVariantGroup;
			children = (
				CD202C482E01D4DD00287556 /* Base */,
			);
			name = Main.storyboard;
			sourceTree = "<group>";
		};
		CD202C4C2E01D4DF00287556 /* LaunchScreen.storyboard */ = {
			isa = PBXVariantGroup;
			children = (
				CD202C4D2E01D4DF00287556 /* Base */,
			);
			name = LaunchScreen.storyboard;
			sourceTree = "<group>";
		};
/* End PBXVariantGroup section */

/* Begin XCBuildConfiguration section */
		CD202C662E01D4DF00287556 /* Debug */ = {
			isa = XCBuildConfiguration;
			buildSettings = {
				ALWAYS_SEARCH_USER_PATHS = NO;
				ASSETCATALOG_COMPILER_GENERATE_SWIFT_ASSET_SYMBOL_EXTENSIONS = YES;
				CLANG_ANALYZER_NONNULL = YES;
				CLANG_ANALYZER_NUMBER_OBJECT_CONVERSION = YES_AGGRESSIVE;
				CLANG_CXX_LANGUAGE_STANDARD = "gnu++20";
				CLANG_ENABLE_MODULES = YES;
				CLANG_ENABLE_OBJC_ARC = YES;
				CLANG_ENABLE_OBJC_WEAK = YES;
				CLANG_WARN_BLOCK_CAPTURE_AUTORELEASING = YES;
				CLANG_WARN_BOOL_CONVERSION = YES;
				CLANG_WARN_COMMA = YES;
				CLANG_WARN_CONSTANT_CONVERSION = YES;
				CLANG_WARN_DEPRECATED_OBJC_IMPLEMENTATIONS = YES;
				CLANG_WARN_DIRECT_OBJC_ISA_USAGE = YES_ERROR;
				CLANG_WARN_DOCUMENTATION_COMMENTS = YES;
				CLANG_WARN_EMPTY_BODY = YES;
				CLANG_WARN_ENUM_CONVERSION = YES;
				CLANG_WARN_INFINITE_RECURSION = YES;
				CLANG_WARN_INT_CONVERSION = YES;
				CLANG_WARN_NON_LITERAL_NULL_CONVERSION = YES;
				CLANG_WARN_OBJC_IMPLICIT_RETAIN_SELF = YES;
				CLANG_WARN_OBJC_LITERAL_CONVERSION = YES;
				CLANG_WARN_OBJC_ROOT_CLASS = YES_ERROR;
				CLANG_WARN_QUOTED_INCLUDE_IN_FRAMEWORK_HEADER = YES;
				CLANG_WARN_RANGE_LOOP_ANALYSIS = YES;
				CLANG_WARN_STRICT_PROTOTYPES = YES;
				CLANG_WARN_SUSPICIOUS_MOVE = YES;
				CLANG_WARN_UNGUARDED_AVAILABILITY = YES_AGGRESSIVE;
				CLANG_WARN_UNREACHABLE_CODE = YES;
				CLANG_WARN__DUPLICATE_METHOD_MATCH = YES;
				COPY_PHASE_STRIP = NO;
				DEBUG_INFORMATION_FORMAT = dwarf;
				ENABLE_STRICT_OBJC_MSGSEND = YES;
				ENABLE_TESTABILITY = YES;
				ENABLE_USER_SCRIPT_SANDBOXING = NO;
				GCC_C_LANGUAGE_STANDARD = gnu17;
				GCC_DYNAMIC_NO_PIC = NO;
				GCC_NO_COMMON_BLOCKS = YES;
				GCC_OPTIMIZATION_LEVEL = 0;
				GCC_PREPROCESSOR_DEFINITIONS = (
					"DEBUG=1",
					"$(inherited)",
				);
				GCC_WARN_64_TO_32_BIT_CONVERSION = YES;
				GCC_WARN_ABOUT_RETURN_TYPE = YES_ERROR;
				GCC_WARN_UNDECLARED_SELECTOR = YES;
				GCC_WARN_UNINITIALIZED_AUTOS = YES_AGGRESSIVE;
				GCC_WARN_UNUSED_FUNCTION = YES;
				GCC_WARN_UNUSED_VARIABLE = YES;
				IPHONEOS_DEPLOYMENT_TARGET = 17.4;
				LOCALIZATION_PREFERS_STRING_CATALOGS = YES;
				MTL_ENABLE_DEBUG_INFO = INCLUDE_SOURCE;
				MTL_FAST_MATH = YES;
				ONLY_ACTIVE_ARCH = YES;
				SDKROOT = iphoneos;
				SWIFT_ACTIVE_COMPILATION_CONDITIONS = "DEBUG $(inherited)";
				SWIFT_OPTIMIZATION_LEVEL = "-Onone";
			};
			name = Debug;
		};
		CD202C672E01D4DF00287556 /* Release */ = {
			isa = XCBuildConfiguration;
			buildSettings = {
				ALWAYS_SEARCH_USER_PATHS = NO;
				ASSETCATALOG_COMPILER_GENERATE_SWIFT_ASSET_SYMBOL_EXTENSIONS = YES;
				CLANG_ANALYZER_NONNULL = YES;
				CLANG_ANALYZER_NUMBER_OBJECT_CONVERSION = YES_AGGRESSIVE;
				CLANG_CXX_LANGUAGE_STANDARD = "gnu++20";
				CLANG_ENABLE_MODULES = YES;
				CLANG_ENABLE_OBJC_ARC = YES;
				CLANG_ENABLE_OBJC_WEAK = YES;
				CLANG_WARN_BLOCK_CAPTURE_AUTORELEASING = YES;
				CLANG_WARN_BOOL_CONVERSION = YES;
				CLANG_WARN_COMMA = YES;
				CLANG_WARN_CONSTANT_CONVERSION = YES;
				CLANG_WARN_DEPRECATED_OBJC_IMPLEMENTATIONS = YES;
				CLANG_WARN_DIRECT_OBJC_ISA_USAGE = YES_ERROR;
				CLANG_WARN_DOCUMENTATION_COMMENTS = YES;
				CLANG_WARN_EMPTY_BODY = YES;
				CLANG_WARN_ENUM_CONVERSION = YES;
				CLANG_WARN_INFINITE_RECURSION = YES;
				CLANG_WARN_INT_CONVERSION = YES;
				CLANG_WARN_NON_LITERAL_NULL_CONVERSION = YES;
				CLANG_WARN_OBJC_IMPLICIT_RETAIN_SELF = YES;
				CLANG_WARN_OBJC_LITERAL_CONVERSION = YES;
				CLANG_WARN_OBJC_ROOT_CLASS = YES_ERROR;
				CLANG_WARN_QUOTED_INCLUDE_IN_FRAMEWORK_HEADER = YES;
				CLANG_WARN_RANGE_LOOP_ANALYSIS = YES;
				CLANG_WARN_STRICT_PROTOTYPES = YES;
				CLANG_WARN_SUSPICIOUS_MOVE = YES;
				CLANG_WARN_UNGUARDED_AVAILABILITY = YES_AGGRESSIVE;
				CLANG_WARN_UNREACHABLE_CODE = YES;
				CLANG_WARN__DUPLICATE_METHOD_MATCH = YES;
				COPY_PHASE_STRIP = NO;
				DEBUG_INFORMATION_FORMAT = "dwarf-with-dsym";
				ENABLE_NS_ASSERTIONS = NO;
				ENABLE_STRICT_OBJC_MSGSEND = YES;
				ENABLE_USER_SCRIPT_SANDBOXING = NO;
				GCC_C_LANGUAGE_STANDARD = gnu17;
				GCC_NO_COMMON_BLOCKS = YES;
				GCC_WARN_64_TO_32_BIT_CONVERSION = YES;
				GCC_WARN_ABOUT_RETURN_TYPE = YES_ERROR;
				GCC_WARN_UNDECLARED_SELECTOR = YES;
				GCC_WARN_UNINITIALIZED_AUTOS = YES_AGGRESSIVE;
				GCC_WARN_UNUSED_FUNCTION = YES;
				GCC_WARN_UNUSED_VARIABLE = YES;
				IPHONEOS_DEPLOYMENT_TARGET = 17.4;
				LOCALIZATION_PREFERS_STRING_CATALOGS = YES;
				MTL_ENABLE_DEBUG_INFO = NO;
				MTL_FAST_MATH = YES;
				SDKROOT = iphoneos;
				SWIFT_COMPILATION_MODE = wholemodule;
				VALIDATE_PRODUCT = YES;
			};
			name = Release;
		};
		CD202C692E01D4DF00287556 /* Debug */ = {
			isa = XCBuildConfiguration;
			baseConfigurationReference = 1EDEA59B996C5B00AC676467 /* Pods-Prueba-interRapidisimo.debug.xcconfig */;
			buildSettings = {
				ASSETCATALOG_COMPILER_APPICON_NAME = AppIcon;
				ASSETCATALOG_COMPILER_GLOBAL_ACCENT_COLOR_NAME = AccentColor;
				CODE_SIGN_STYLE = Automatic;
				CURRENT_PROJECT_VERSION = 1;
				DEVELOPMENT_TEAM = HMRJBWNJY3;
				ENABLE_USER_SCRIPT_SANDBOXING = NO;
				GENERATE_INFOPLIST_FILE = YES;
				INFOPLIST_FILE = "Prueba-interRapidisimo/Info.plist";
				INFOPLIST_KEY_UIApplicationSupportsIndirectInputEvents = YES;
				INFOPLIST_KEY_UILaunchStoryboardName = LaunchScreen;
				INFOPLIST_KEY_UIStatusBarStyle = "";
				INFOPLIST_KEY_UISupportedInterfaceOrientations_iPad = "UIInterfaceOrientationPortrait UIInterfaceOrientationPortraitUpsideDown UIInterfaceOrientationLandscapeLeft UIInterfaceOrientationLandscapeRight";
				INFOPLIST_KEY_UISupportedInterfaceOrientations_iPhone = "UIInterfaceOrientationPortrait UIInterfaceOrientationLandscapeLeft UIInterfaceOrientationLandscapeRight";
				LD_RUNPATH_SEARCH_PATHS = (
					"$(inherited)",
					"@executable_path/Frameworks",
				);
				MARKETING_VERSION = 1.0;
				PRODUCT_BUNDLE_IDENTIFIER = "andres.Prueba-interRapidisimo";
				PRODUCT_NAME = "$(TARGET_NAME)";
				SWIFT_EMIT_LOC_STRINGS = YES;
				SWIFT_VERSION = 5.0;
				TARGETED_DEVICE_FAMILY = "1,2";
			};
			name = Debug;
		};
		CD202C6A2E01D4DF00287556 /* Release */ = {
			isa = XCBuildConfiguration;
			baseConfigurationReference = 9E9171D2779DA019A478E328 /* Pods-Prueba-interRapidisimo.release.xcconfig */;
			buildSettings = {
				ASSETCATALOG_COMPILER_APPICON_NAME = AppIcon;
				ASSETCATALOG_COMPILER_GLOBAL_ACCENT_COLOR_NAME = AccentColor;
				CODE_SIGN_STYLE = Automatic;
				CURRENT_PROJECT_VERSION = 1;
				DEVELOPMENT_TEAM = HMRJBWNJY3;
				ENABLE_USER_SCRIPT_SANDBOXING = NO;
				GENERATE_INFOPLIST_FILE = YES;
				INFOPLIST_FILE = "Prueba-interRapidisimo/Info.plist";
				INFOPLIST_KEY_UIApplicationSupportsIndirectInputEvents = YES;
				INFOPLIST_KEY_UILaunchStoryboardName = LaunchScreen;
				INFOPLIST_KEY_UIStatusBarStyle = "";
				INFOPLIST_KEY_UISupportedInterfaceOrientations_iPad = "UIInterfaceOrientationPortrait UIInterfaceOrientationPortraitUpsideDown UIInterfaceOrientationLandscapeLeft UIInterfaceOrientationLandscapeRight";
				INFOPLIST_KEY_UISupportedInterfaceOrientations_iPhone = "UIInterfaceOrientationPortrait UIInterfaceOrientationLandscapeLeft UIInterfaceOrientationLandscapeRight";
				LD_RUNPATH_SEARCH_PATHS = (
					"$(inherited)",
					"@executable_path/Frameworks",
				);
				MARKETING_VERSION = 1.0;
				PRODUCT_BUNDLE_IDENTIFIER = "andres.Prueba-interRapidisimo";
				PRODUCT_NAME = "$(TARGET_NAME)";
				SWIFT_EMIT_LOC_STRINGS = YES;
				SWIFT_VERSION = 5.0;
				TARGETED_DEVICE_FAMILY = "1,2";
			};
			name = Release;
		};
		CD202C6C2E01D4DF00287556 /* Debug */ = {
			isa = XCBuildConfiguration;
			baseConfigurationReference = EBD1CA88AB179375CA80ECFA /* Pods-Prueba-interRapidisimoTests.debug.xcconfig */;
			buildSettings = {
				ALWAYS_EMBED_SWIFT_STANDARD_LIBRARIES = YES;
				BUNDLE_LOADER = "$(TEST_HOST)";
				CODE_SIGN_STYLE = Automatic;
				CURRENT_PROJECT_VERSION = 1;
				DEVELOPMENT_TEAM = HMRJBWNJY3;
				GENERATE_INFOPLIST_FILE = YES;
				IPHONEOS_DEPLOYMENT_TARGET = 17.4;
				MARKETING_VERSION = 1.0;
				PRODUCT_BUNDLE_IDENTIFIER = "andres.Prueba-interRapidisimoTests";
				PRODUCT_NAME = "$(TARGET_NAME)";
				SWIFT_EMIT_LOC_STRINGS = NO;
				SWIFT_VERSION = 5.0;
				TARGETED_DEVICE_FAMILY = "1,2";
				TEST_HOST = "$(BUILT_PRODUCTS_DIR)/Prueba-interRapidisimo.app/$(BUNDLE_EXECUTABLE_FOLDER_PATH)/Prueba-interRapidisimo";
			};
			name = Debug;
		};
		CD202C6D2E01D4DF00287556 /* Release */ = {
			isa = XCBuildConfiguration;
			baseConfigurationReference = C9FBF23916F319F8113F53A5 /* Pods-Prueba-interRapidisimoTests.release.xcconfig */;
			buildSettings = {
				ALWAYS_EMBED_SWIFT_STANDARD_LIBRARIES = YES;
				BUNDLE_LOADER = "$(TEST_HOST)";
				CODE_SIGN_STYLE = Automatic;
				CURRENT_PROJECT_VERSION = 1;
				DEVELOPMENT_TEAM = HMRJBWNJY3;
				GENERATE_INFOPLIST_FILE = YES;
				IPHONEOS_DEPLOYMENT_TARGET = 17.4;
				MARKETING_VERSION = 1.0;
				PRODUCT_BUNDLE_IDENTIFIER = "andres.Prueba-interRapidisimoTests";
				PRODUCT_NAME = "$(TARGET_NAME)";
				SWIFT_EMIT_LOC_STRINGS = NO;
				SWIFT_VERSION = 5.0;
				TARGETED_DEVICE_FAMILY = "1,2";
				TEST_HOST = "$(BUILT_PRODUCTS_DIR)/Prueba-interRapidisimo.app/$(BUNDLE_EXECUTABLE_FOLDER_PATH)/Prueba-interRapidisimo";
			};
			name = Release;
		};
		CD202C6F2E01D4DF00287556 /* Debug */ = {
			isa = XCBuildConfiguration;
			baseConfigurationReference = B63702C30032B743312FD11F /* Pods-Prueba-interRapidisimo-Prueba-interRapidisimoUITests.debug.xcconfig */;
			buildSettings = {
				ALWAYS_EMBED_SWIFT_STANDARD_LIBRARIES = YES;
				CODE_SIGN_STYLE = Automatic;
				CURRENT_PROJECT_VERSION = 1;
				DEVELOPMENT_TEAM = HMRJBWNJY3;
				GENERATE_INFOPLIST_FILE = YES;
				MARKETING_VERSION = 1.0;
				PRODUCT_BUNDLE_IDENTIFIER = "andres.Prueba-interRapidisimoUITests";
				PRODUCT_NAME = "$(TARGET_NAME)";
				SWIFT_EMIT_LOC_STRINGS = NO;
				SWIFT_VERSION = 5.0;
				TARGETED_DEVICE_FAMILY = "1,2";
				TEST_TARGET_NAME = "Prueba-interRapidisimo";
			};
			name = Debug;
		};
		CD202C702E01D4DF00287556 /* Release */ = {
			isa = XCBuildConfiguration;
			baseConfigurationReference = FC4CCFC54ED5FAC598FC9FB9 /* Pods-Prueba-interRapidisimo-Prueba-interRapidisimoUITests.release.xcconfig */;
			buildSettings = {
				ALWAYS_EMBED_SWIFT_STANDARD_LIBRARIES = YES;
				CODE_SIGN_STYLE = Automatic;
				CURRENT_PROJECT_VERSION = 1;
				DEVELOPMENT_TEAM = HMRJBWNJY3;
				GENERATE_INFOPLIST_FILE = YES;
				MARKETING_VERSION = 1.0;
				PRODUCT_BUNDLE_IDENTIFIER = "andres.Prueba-interRapidisimoUITests";
				PRODUCT_NAME = "$(TARGET_NAME)";
				SWIFT_EMIT_LOC_STRINGS = NO;
				SWIFT_VERSION = 5.0;
				TARGETED_DEVICE_FAMILY = "1,2";
				TEST_TARGET_NAME = "Prueba-interRapidisimo";
			};
			name = Release;
		};
/* End XCBuildConfiguration section */

/* Begin XCConfigurationList section */
		CD202C392E01D4DD00287556 /* Build configuration list for PBXProject "Prueba-interRapidisimo" */ = {
			isa = XCConfigurationList;
			buildConfigurations = (
				CD202C662E01D4DF00287556 /* Debug */,
				CD202C672E01D4DF00287556 /* Release */,
			);
			defaultConfigurationIsVisible = 0;
			defaultConfigurationName = Release;
		};
		CD202C682E01D4DF00287556 /* Build configuration list for PBXNativeTarget "Prueba-interRapidisimo" */ = {
			isa = XCConfigurationList;
			buildConfigurations = (
				CD202C692E01D4DF00287556 /* Debug */,
				CD202C6A2E01D4DF00287556 /* Release */,
			);
			defaultConfigurationIsVisible = 0;
			defaultConfigurationName = Release;
		};
		CD202C6B2E01D4DF00287556 /* Build configuration list for PBXNativeTarget "Prueba-interRapidisimoTests" */ = {
			isa = XCConfigurationList;
			buildConfigurations = (
				CD202C6C2E01D4DF00287556 /* Debug */,
				CD202C6D2E01D4DF00287556 /* Release */,
			);
			defaultConfigurationIsVisible = 0;
			defaultConfigurationName = Release;
		};
		CD202C6E2E01D4DF00287556 /* Build configuration list for PBXNativeTarget "Prueba-interRapidisimoUITests" */ = {
			isa = XCConfigurationList;
			buildConfigurations = (
				CD202C6F2E01D4DF00287556 /* Debug */,
				CD202C702E01D4DF00287556 /* Release */,
			);
			defaultConfigurationIsVisible = 0;
			defaultConfigurationName = Release;
		};
/* End XCConfigurationList section */

/* Begin XCVersionGroup section */
		CD5072CA2E023A8900FFDF20 /* AppModel.xcdatamodeld */ = {
			isa = XCVersionGroup;
			children = (
				CD5072CB2E023A8900FFDF20 /* AppModel.xcdatamodel */,
			);
			currentVersion = CD5072CB2E023A8900FFDF20 /* AppModel.xcdatamodel */;
			name = AppModel.xcdatamodeld;
			path = "/Users/andresmartinezgonzalez/Desktop/Prueba-interRapidisimo/Prueba-interRapidisimo/AppModel.xcdatamodeld";
			sourceTree = "<group>";
			versionGroupType = wrapper.xcdatamodel;
		};
/* End XCVersionGroup section */
	};
	rootObject = CD202C362E01D4DD00287556 /* Project object */;
}
