// !$*UTF8*$!
{
	archiveVersion = 1;
	classes = {
	};
	objectVersion = 56;
	objects = {

/* Begin PBXBuildFile section */
		CD202C422E01D4DD00287556 /* AppDelegate.swift in Sources */ = {isa = PBXBuildFile; fileRef = CD202C412E01D4DD00287556 /* AppDelegate.swift */; };
		CD202C442E01D4DD00287556 /* SceneDelegate.swift in Sources */ = {isa = PBXBuildFile; fileRef = CD202C432E01D4DD00287556 /* SceneDelegate.swift */; };
		CD202C462E01D4DD00287556 /* ViewController.swift in Sources */ = {isa = PBXBuildFile; fileRef = CD202C452E01D4DD00287556 /* ViewController.swift */; };
		CD202C492E01D4DD00287556 /* Base in Resources */ = {isa = PBXBuildFile; fileRef = CD202C482E01D4DD00287556 /* Base */; };
		CD202C4B2E01D4DF00287556 /* Assets.xcassets in Resources */ = {isa = PBXBuildFile; fileRef = CD202C4A2E01D4DF00287556 /* Assets.xcassets */; };
		CD202C4E2E01D4DF00287556 /* Base in Resources */ = {isa = PBXBuildFile; fileRef = CD202C4D2E01D4DF00287556 /* Base */; };
		CD202C592E01D4DF00287556 /* Prueba_interRapidisimoTests.swift in Sources */ = {isa = PBXBuildFile; fileRef = CD202C582E01D4DF00287556 /* Prueba_interRapidisimoTests.swift */; };
		CD202C632E01D4DF00287556 /* Prueba_interRapidisimoUITests.swift in Sources */ = {isa = PBXBuildFile; fileRef = CD202C622E01D4DF00287556 /* Prueba_interRapidisimoUITests.swift */; };
		CD202C652E01D4DF00287556 /* Prueba_interRapidisimoUITestsLaunchTests.swift in Sources */ = {isa = PBXBuildFile; fileRef = CD202C642E01D4DF00287556 /* Prueba_interRapidisimoUITestsLaunchTests.swift */; };
/* End PBXBuildFile section */

/* Begin PBXContainerItemProxy section */
		CD202C552E01D4DF00287556 /* PBXContainerItemProxy */ = {
			isa = PBXContainerItemProxy;
			containerPortal = CD202C362E01D4DD00287556 /* Project object */;
			proxyType = 1;
			remoteGlobalIDString = CD202C3D2E01D4DD00287556;
			remoteInfo = "Prueba-interRapidisimo";
		};
		CD202C5F2E01D4DF00287556 /* PBXContainerItemProxy */ = {
			isa = PBXContainerItemProxy;
			containerPortal = CD202C362E01D4DD00287556 /* Project object */;
			proxyType = 1;
			remoteGlobalIDString = CD202C3D2E01D4DD00287556;
			remoteInfo = "Prueba-interRapidisimo";
		};
/* End PBXContainerItemProxy section */

/* Begin PBXFileReference section */
		CD202C3E2E01D4DD00287556 /* Prueba-interRapidisimo.app */ = {isa = PBXFileReference; explicitFileType = wrapper.application; includeInIndex = 0; path = "Prueba-interRapidisimo.app"; sourceTree = BUILT_PRODUCTS_DIR; };
		CD202C412E01D4DD00287556 /* AppDelegate.swift */ = {isa = PBXFileReference; lastKnownFileType = sourcecode.swift; path = AppDelegate.swift; sourceTree = "<group>"; };
		CD202C432E01D4DD00287556 /* SceneDelegate.swift */ = {isa = PBXFileReference; lastKnownFileType = sourcecode.swift; path = SceneDelegate.swift; sourceTree = "<group>"; };
		CD202C452E01D4DD00287556 /* ViewController.swift */ = {isa = PBXFileReference; lastKnownFileType = sourcecode.swift; path = ViewController.swift; sourceTree = "<group>"; };
		CD202C482E01D4DD00287556 /* Base */ = {isa = PBXFileReference; lastKnownFileType = file.storyboard; name = Base; path = Base.lproj/Main.storyboard; sourceTree = "<group>"; };
		CD202C4A2E01D4DF00287556 /* Assets.xcassets */ = {isa = PBXFileReference; lastKnownFileType = folder.assetcatalog; path = Assets.xcassets; sourceTree = "<group>"; };
		CD202C4D2E01D4DF00287556 /* Base */ = {isa = PBXFileReference; lastKnownFileType = file.storyboard; name = Base; path = Base.lproj/LaunchScreen.storyboard; sourceTree = "<group>"; };
		CD202C4F2E01D4DF00287556 /* Info.plist */ = {isa = PBXFileReference; lastKnownFileType = text.plist.xml; path = Info.plist; sourceTree = "<group>"; };
		CD202C542E01D4DF00287556 /* Prueba-interRapidisimoTests.xctest */ = {isa = PBXFileReference; explicitFileType = wrapper.cfbundle; includeInIndex = 0; path = "Prueba-interRapidisimoTests.xctest"; sourceTree = BUILT_PRODUCTS_DIR; };
		CD202C582E01D4DF00287556 /* Prueba_interRapidisimoTests.swift */ = {isa = PBXFileReference; lastKnownFileType = sourcecode.swift; path = Prueba_interRapidisimoTests.swift; sourceTree = "<group>"; };
		CD202C5E2E01D4DF00287556 /* Prueba-interRapidisimoUITests.xctest */ = {isa = PBXFileReference; explicitFileType = wrapper.cfbundle; includeInIndex = 0; path = "Prueba-interRapidisimoUITests.xctest"; sourceTree = BUILT_PRODUCTS_DIR; };
		CD202C622E01D4DF00287556 /* Prueba_interRapidisimoUITests.swift */ = {isa = PBXFileReference; lastKnownFileType = sourcecode.swift; path = Prueba_interRapidisimoUITests.swift; sourceTree = "<group>"; };
		CD202C642E01D4DF00287556 /* Prueba_interRapidisimoUITestsLaunchTests.swift */ = {isa = PBXFileReference; lastKnownFileType = sourcecode.swift; path = Prueba_interRapidisimoUITestsLaunchTests.swift; sourceTree = "<group>"; };
/* End PBXFileReference section */

/* Begin PBXFrameworksBuildPhase section */
		CD202C3B2E01D4DD00287556 /* Frameworks */ = {
			isa = PBXFrameworksBuildPhase;
			buildActionMask = 2147483647;
			files = (
			);
			runOnlyForDeploymentPostprocessing = 0;
		};
		CD202C512E01D4DF00287556 /* Frameworks */ = {
			isa = PBXFrameworksBuildPhase;
			buildActionMask = 2147483647;
			files = (
			);
			runOnlyForDeploymentPostprocessing = 0;
		};
		CD202C5B2E01D4DF00287556 /* Frameworks */ = {
			isa = PBXFrameworksBuildPhase;
			buildActionMask = 2147483647;
			files = (
			);
			runOnlyForDeploymentPostprocessing = 0;
		};
/* End PBXFrameworksBuildPhase section */

/* Begin PBXGroup section */
		CD202C352E01D4DD00287556 = {
			isa = PBXGroup;
			children = (
				CD202C402E01D4DD00287556 /* Prueba-interRapidisimo */,
				CD202C572E01D4DF00287556 /* Prueba-interRapidisimoTests */,
				CD202C612E01D4DF00287556 /* Prueba-interRapidisimoUITests */,
				CD202C3F2E01D4DD00287556 /* Products */,
			);
			sourceTree = "<group>";
		};
		CD202C3F2E01D4DD00287556 /* Products */ = {
			isa = PBXGroup;
			children = (
				CD202C3E2E01D4DD00287556 /* Prueba-interRapidisimo.app */,
				CD202C542E01D4DF00287556 /* Prueba-interRapidisimoTests.xctest */,
				CD202C5E2E01D4DF00287556 /* Prueba-interRapidisimoUITests.xctest */,
			);
			name = Products;
			sourceTree = "<group>";
		};
		CD202C402E01D4DD00287556 /* Prueba-interRapidisimo */ = {
			isa = PBXGroup;
			children = (
				CD202C412E01D4DD00287556 /* AppDelegate.swift */,
				CD202C432E01D4DD00287556 /* SceneDelegate.swift */,
				CD202C452E01D4DD00287556 /* ViewController.swift */,
				CD202C472E01D4DD00287556 /* Main.storyboard */,
				CD202C4A2E01D4DF00287556 /* Assets.xcassets */,
				CD202C4C2E01D4DF00287556 /* LaunchScreen.storyboard */,
				CD202C4F2E01D4DF00287556 /* Info.plist */,
			);
			path = "Prueba-interRapidisimo";
			sourceTree = "<group>";
		};
		CD202C572E01D4DF00287556 /* Prueba-interRapidisimoTests */ = {
			isa = PBXGroup;
			children = (
				CD202C582E01D4DF00287556 /* Prueba_interRapidisimoTests.swift */,
			);
			path = "Prueba-interRapidisimoTests";
			sourceTree = "<group>";
		};
		CD202C612E01D4DF00287556 /* Prueba-interRapidisimoUITests */ = {
			isa = PBXGroup;
			children = (
				CD202C622E01D4DF00287556 /* Prueba_interRapidisimoUITests.swift */,
				CD202C642E01D4DF00287556 /* Prueba_interRapidisimoUITestsLaunchTests.swift */,
			);
			path = "Prueba-interRapidisimoUITests";
			sourceTree = "<group>";
		};
/* End PBXGroup section */

/* Begin PBXNativeTarget section */
		CD202C3D2E01D4DD00287556 /* Prueba-interRapidisimo */ = {
			isa = PBXNativeTarget;
			buildConfigurationList = CD202C682E01D4DF00287556 /* Build configuration list for PBXNativeTarget "Prueba-interRapidisimo" */;
			buildPhases = (
				CD202C3A2E01D4DD00287556 /* Sources */,
				CD202C3B2E01D4DD00287556 /* Frameworks */,
				CD202C3C2E01D4DD00287556 /* Resources */,
			);
			buildRules = (
			);
			dependencies = (
			);
			name = "Prueba-interRapidisimo";
			productName = "Prueba-interRapidisimo";
			productReference = CD202C3E2E01D4DD00287556 /* Prueba-interRapidisimo.app */;
			productType = "com.apple.product-type.application";
		};
		CD202C532E01D4DF00287556 /* Prueba-interRapidisimoTests */ = {
			isa = PBXNativeTarget;
			buildConfigurationList = CD202C6B2E01D4DF00287556 /* Build configuration list for PBXNativeTarget "Prueba-interRapidisimoTests" */;
			buildPhases = (
				CD202C502E01D4DF00287556 /* Sources */,
				CD202C512E01D4DF00287556 /* Frameworks */,
				CD202C522E01D4DF00287556 /* Resources */,
			);
			buildRules = (
			);
			dependencies = (
				CD202C562E01D4DF00287556 /* PBXTargetDependency */,
			);
			name = "Prueba-interRapidisimoTests";
			productName = "Prueba-interRapidisimoTests";
			productReference = CD202C542E01D4DF00287556 /* Prueba-interRapidisimoTests.xctest */;
			productType = "com.apple.product-type.bundle.unit-test";
		};
		CD202C5D2E01D4DF00287556 /* Prueba-interRapidisimoUITests */ = {
			isa = PBXNativeTarget;
			buildConfigurationList = CD202C6E2E01D4DF00287556 /* Build configuration list for PBXNativeTarget "Prueba-interRapidisimoUITests" */;
			buildPhases = (
				CD202C5A2E01D4DF00287556 /* Sources */,
				CD202C5B2E01D4DF00287556 /* Frameworks */,
				CD202C5C2E01D4DF00287556 /* Resources */,
			);
			buildRules = (
			);
			dependencies = (
				CD202C602E01D4DF00287556 /* PBXTargetDependency */,
			);
			name = "Prueba-interRapidisimoUITests";
			productName = "Prueba-interRapidisimoUITests";
			productReference = CD202C5E2E01D4DF00287556 /* Prueba-interRapidisimoUITests.xctest */;
			productType = "com.apple.product-type.bundle.ui-testing";
		};
/* End PBXNativeTarget section */

/* Begin PBXProject section */
		CD202C362E01D4DD00287556 /* Project object */ = {
			isa = PBXProject;
			attributes = {
				BuildIndependentTargetsInParallel = 1;
				LastSwiftUpdateCheck = 1530;
				LastUpgradeCheck = 1530;
				TargetAttributes = {
					CD202C3D2E01D4DD00287556 = {
						CreatedOnToolsVersion = 15.3;
					};
					CD202C532E01D4DF00287556 = {
						CreatedOnToolsVersion = 15.3;
						TestTargetID = CD202C3D2E01D4DD00287556;
					};
					CD202C5D2E01D4DF00287556 = {
						CreatedOnToolsVersion = 15.3;
						TestTargetID = CD202C3D2E01D4DD00287556;
					};
				};
			};
			buildConfigurationList = CD202C392E01D4DD00287556 /* Build configuration list for PBXProject "Prueba-interRapidisimo" */;
			compatibilityVersion = "Xcode 14.0";
			developmentRegion = en;
			hasScannedForEncodings = 0;
			knownRegions = (
				en,
				Base,
			);
			mainGroup = CD202C352E01D4DD00287556;
			productRefGroup = CD202C3F2E01D4DD00287556 /* Products */;
			projectDirPath = "";
			projectRoot = "";
			targets = (
				CD202C3D2E01D4DD00287556 /* Prueba-interRapidisimo */,
				CD202C532E01D4DF00287556 /* Prueba-interRapidisimoTests */,
				CD202C5D2E01D4DF00287556 /* Prueba-interRapidisimoUITests */,
			);
		};
/* End PBXProject section */

/* Begin PBXResourcesBuildPhase section */
		CD202C3C2E01D4DD00287556 /* Resources */ = {
			isa = PBXResourcesBuildPhase;
			buildActionMask = 2147483647;
			files = (
				CD202C4B2E01D4DF00287556 /* Assets.xcassets in Resources */,
				CD202C4E2E01D4DF00287556 /* Base in Resources */,
				CD202C492E01D4DD00287556 /* Base in Resources */,
			);
			runOnlyForDeploymentPostprocessing = 0;
		};
		CD202C522E01D4DF00287556 /* Resources */ = {
			isa = PBXResourcesBuildPhase;
			buildActionMask = 2147483647;
			files = (
			);
			runOnlyForDeploymentPostprocessing = 0;
		};
		CD202C5C2E01D4DF00287556 /* Resources */ = {
			isa = PBXResourcesBuildPhase;
			buildActionMask = 2147483647;
			files = (
			);
			runOnlyForDeploymentPostprocessing = 0;
		};
/* End PBXResourcesBuildPhase section */

/* Begin PBXSourcesBuildPhase section */
		CD202C3A2E01D4DD00287556 /* Sources */ = {
			isa = PBXSourcesBuildPhase;
			buildActionMask = 2147483647;
			files = (
				CD202C462E01D4DD00287556 /* ViewController.swift in Sources */,
				CD202C422E01D4DD00287556 /* AppDelegate.swift in Sources */,
				CD202C442E01D4DD00287556 /* SceneDelegate.swift in Sources */,
			);
			runOnlyForDeploymentPostprocessing = 0;
		};
		CD202C502E01D4DF00287556 /* Sources */ = {
			isa = PBXSourcesBuildPhase;
			buildActionMask = 2147483647;
			files = (
				CD202C592E01D4DF00287556 /* Prueba_interRapidisimoTests.swift in Sources */,
			);
			runOnlyForDeploymentPostprocessing = 0;
		};
		CD202C5A2E01D4DF00287556 /* Sources */ = {
			isa = PBXSourcesBuildPhase;
			buildActionMask = 2147483647;
			files = (
				CD202C632E01D4DF00287556 /* Prueba_interRapidisimoUITests.swift in Sources */,
				CD202C652E01D4DF00287556 /* Prueba_interRapidisimoUITestsLaunchTests.swift in Sources */,
			);
			runOnlyForDeploymentPostprocessing = 0;
		};
/* End PBXSourcesBuildPhase section */

/* Begin PBXTargetDependency section */
		CD202C562E01D4DF00287556 /* PBXTargetDependency */ = {
			isa = PBXTargetDependency;
			target = CD202C3D2E01D4DD00287556 /* Prueba-interRapidisimo */;
			targetProxy = CD202C552E01D4DF00287556 /* PBXContainerItemProxy */;
		};
		CD202C602E01D4DF00287556 /* PBXTargetDependency */ = {
			isa = PBXTargetDependency;
			target = CD202C3D2E01D4DD00287556 /* Prueba-interRapidisimo */;
			targetProxy = CD202C5F2E01D4DF00287556 /* PBXContainerItemProxy */;
		};
/* End PBXTargetDependency section */

/* Begin PBXVariantGroup section */
		CD202C472E01D4DD00287556 /* Main.storyboard */ = {
			isa = PBXVariantGroup;
			children = (
				CD202C482E01D4DD00287556 /* Base */,
			);
			name = Main.storyboard;
			sourceTree = "<group>";
		};
		CD202C4C2E01D4DF00287556 /* LaunchScreen.storyboard */ = {
			isa = PBXVariantGroup;
			children = (
				CD202C4D2E01D4DF00287556 /* Base */,
			);
			name = LaunchScreen.storyboard;
			sourceTree = "<group>";
		};
/* End PBXVariantGroup section */

/* Begin XCBuildConfiguration section */
		CD202C662E01D4DF00287556 /* Debug */ = {
			isa = XCBuildConfiguration;
			buildSettings = {
				ALWAYS_SEARCH_USER_PATHS = NO;
				ASSETCATALOG_COMPILER_GENERATE_SWIFT_ASSET_SYMBOL_EXTENSIONS = YES;
				CLANG_ANALYZER_NONNULL = YES;
				CLANG_ANALYZER_NUMBER_OBJECT_CONVERSION = YES_AGGRESSIVE;
				CLANG_CXX_LANGUAGE_STANDARD = "gnu++20";
				CLANG_ENABLE_MODULES = YES;
				CLANG_ENABLE_OBJC_ARC = YES;
				CLANG_ENABLE_OBJC_WEAK = YES;
				CLANG_WARN_BLOCK_CAPTURE_AUTORELEASING = YES;
				CLANG_WARN_BOOL_CONVERSION = YES;
				CLANG_WARN_COMMA = YES;
				CLANG_WARN_CONSTANT_CONVERSION = YES;
				CLANG_WARN_DEPRECATED_OBJC_IMPLEMENTATIONS = YES;
				CLANG_WARN_DIRECT_OBJC_ISA_USAGE = YES_ERROR;
				CLANG_WARN_DOCUMENTATION_COMMENTS = YES;
				CLANG_WARN_EMPTY_BODY = YES;
				CLANG_WARN_ENUM_CONVERSION = YES;
				CLANG_WARN_INFINITE_RECURSION = YES;
				CLANG_WARN_INT_CONVERSION = YES;
				CLANG_WARN_NON_LITERAL_NULL_CONVERSION = YES;
				CLANG_WARN_OBJC_IMPLICIT_RETAIN_SELF = YES;
				CLANG_WARN_OBJC_LITERAL_CONVERSION = YES;
				CLANG_WARN_OBJC_ROOT_CLASS = YES_ERROR;
				CLANG_WARN_QUOTED_INCLUDE_IN_FRAMEWORK_HEADER = YES;
				CLANG_WARN_RANGE_LOOP_ANALYSIS = YES;
				CLANG_WARN_STRICT_PROTOTYPES = YES;
				CLANG_WARN_SUSPICIOUS_MOVE = YES;
				CLANG_WARN_UNGUARDED_AVAILABILITY = YES_AGGRESSIVE;
				CLANG_WARN_UNREACHABLE_CODE = YES;
				CLANG_WARN__DUPLICATE_METHOD_MATCH = YES;
				COPY_PHASE_STRIP = NO;
				DEBUG_INFORMATION_FORMAT = dwarf;
				ENABLE_STRICT_OBJC_MSGSEND = YES;
				ENABLE_TESTABILITY = YES;
				ENABLE_USER_SCRIPT_SANDBOXING = YES;
				GCC_C_LANGUAGE_STANDARD = gnu17;
				GCC_DYNAMIC_NO_PIC = NO;
				GCC_NO_COMMON_BLOCKS = YES;
				GCC_OPTIMIZATION_LEVEL = 0;
				GCC_PREPROCESSOR_DEFINITIONS = (
					"DEBUG=1",
					"$(inherited)",
				);
				GCC_WARN_64_TO_32_BIT_CONVERSION = YES;
				GCC_WARN_ABOUT_RETURN_TYPE = YES_ERROR;
				GCC_WARN_UNDECLARED_SELECTOR = YES;
				GCC_WARN_UNINITIALIZED_AUTOS = YES_AGGRESSIVE;
				GCC_WARN_UNUSED_FUNCTION = YES;
				GCC_WARN_UNUSED_VARIABLE = YES;
				IPHONEOS_DEPLOYMENT_TARGET = 17.4;
				LOCALIZATION_PREFERS_STRING_CATALOGS = YES;
				MTL_ENABLE_DEBUG_INFO = INCLUDE_SOURCE;
				MTL_FAST_MATH = YES;
				ONLY_ACTIVE_ARCH = YES;
				SDKROOT = iphoneos;
				SWIFT_ACTIVE_COMPILATION_CONDITIONS = "DEBUG $(inherited)";
				SWIFT_OPTIMIZATION_LEVEL = "-Onone";
			};
			name = Debug;
		};
		CD202C672E01D4DF00287556 /* Release */ = {
			isa = XCBuildConfiguration;
			buildSettings = {
				ALWAYS_SEARCH_USER_PATHS = NO;
				ASSETCATALOG_COMPILER_GENERATE_SWIFT_ASSET_SYMBOL_EXTENSIONS = YES;
				CLANG_ANALYZER_NONNULL = YES;
				CLANG_ANALYZER_NUMBER_OBJECT_CONVERSION = YES_AGGRESSIVE;
				CLANG_CXX_LANGUAGE_STANDARD = "gnu++20";
				CLANG_ENABLE_MODULES = YES;
				CLANG_ENABLE_OBJC_ARC = YES;
				CLANG_ENABLE_OBJC_WEAK = YES;
				CLANG_WARN_BLOCK_CAPTURE_AUTORELEASING = YES;
				CLANG_WARN_BOOL_CONVERSION = YES;
				CLANG_WARN_COMMA = YES;
				CLANG_WARN_CONSTANT_CONVERSION = YES;
				CLANG_WARN_DEPRECATED_OBJC_IMPLEMENTATIONS = YES;
				CLANG_WARN_DIRECT_OBJC_ISA_USAGE = YES_ERROR;
				CLANG_WARN_DOCUMENTATION_COMMENTS = YES;
				CLANG_WARN_EMPTY_BODY = YES;
				CLANG_WARN_ENUM_CONVERSION = YES;
				CLANG_WARN_INFINITE_RECURSION = YES;
				CLANG_WARN_INT_CONVERSION = YES;
				CLANG_WARN_NON_LITERAL_NULL_CONVERSION = YES;
				CLANG_WARN_OBJC_IMPLICIT_RETAIN_SELF = YES;
				CLANG_WARN_OBJC_LITERAL_CONVERSION = YES;
				CLANG_WARN_OBJC_ROOT_CLASS = YES_ERROR;
				CLANG_WARN_QUOTED_INCLUDE_IN_FRAMEWORK_HEADER = YES;
				CLANG_WARN_RANGE_LOOP_ANALYSIS = YES;
				CLANG_WARN_STRICT_PROTOTYPES = YES;
				CLANG_WARN_SUSPICIOUS_MOVE = YES;
				CLANG_WARN_UNGUARDED_AVAILABILITY = YES_AGGRESSIVE;
				CLANG_WARN_UNREACHABLE_CODE = YES;
				CLANG_WARN__DUPLICATE_METHOD_MATCH = YES;
				COPY_PHASE_STRIP = NO;
				DEBUG_INFORMATION_FORMAT = "dwarf-with-dsym";
				ENABLE_NS_ASSERTIONS = NO;
				ENABLE_STRICT_OBJC_MSGSEND = YES;
				ENABLE_USER_SCRIPT_SANDBOXING = YES;
				GCC_C_LANGUAGE_STANDARD = gnu17;
				GCC_NO_COMMON_BLOCKS = YES;
				GCC_WARN_64_TO_32_BIT_CONVERSION = YES;
				GCC_WARN_ABOUT_RETURN_TYPE = YES_ERROR;
				GCC_WARN_UNDECLARED_SELECTOR = YES;
				GCC_WARN_UNINITIALIZED_AUTOS = YES_AGGRESSIVE;
				GCC_WARN_UNUSED_FUNCTION = YES;
				GCC_WARN_UNUSED_VARIABLE = YES;
				IPHONEOS_DEPLOYMENT_TARGET = 17.4;
				LOCALIZATION_PREFERS_STRING_CATALOGS = YES;
				MTL_ENABLE_DEBUG_INFO = NO;
				MTL_FAST_MATH = YES;
				SDKROOT = iphoneos;
				SWIFT_COMPILATION_MODE = wholemodule;
				VALIDATE_PRODUCT = YES;
			};
			name = Release;
		};
		CD202C692E01D4DF00287556 /* Debug */ = {
			isa = XCBuildConfiguration;
			buildSettings = {
				ASSETCATALOG_COMPILER_APPICON_NAME = AppIcon;
				ASSETCATALOG_COMPILER_GLOBAL_ACCENT_COLOR_NAME = AccentColor;
				CODE_SIGN_STYLE = Automatic;
				CURRENT_PROJECT_VERSION = 1;
				DEVELOPMENT_TEAM = HMRJBWNJY3;
				GENERATE_INFOPLIST_FILE = YES;
				INFOPLIST_FILE = "Prueba-interRapidisimo/Info.plist";
				INFOPLIST_KEY_UIApplicationSupportsIndirectInputEvents = YES;
				INFOPLIST_KEY_UILaunchStoryboardName = LaunchScreen;
				INFOPLIST_KEY_UIMainStoryboardFile = Main;
				INFOPLIST_KEY_UISupportedInterfaceOrientations_iPad = "UIInterfaceOrientationPortrait UIInterfaceOrientationPortraitUpsideDown UIInterfaceOrientationLandscapeLeft UIInterfaceOrientationLandscapeRight";
				INFOPLIST_KEY_UISupportedInterfaceOrientations_iPhone = "UIInterfaceOrientationPortrait UIInterfaceOrientationLandscapeLeft UIInterfaceOrientationLandscapeRight";
				LD_RUNPATH_SEARCH_PATHS = (
					"$(inherited)",
					"@executable_path/Frameworks",
				);
				MARKETING_VERSION = 1.0;
				PRODUCT_BUNDLE_IDENTIFIER = "andres.Prueba-interRapidisimo";
				PRODUCT_NAME = "$(TARGET_NAME)";
				SWIFT_EMIT_LOC_STRINGS = YES;
				SWIFT_VERSION = 5.0;
				TARGETED_DEVICE_FAMILY = "1,2";
			};
			name = Debug;
		};
		CD202C6A2E01D4DF00287556 /* Release */ = {
			isa = XCBuildConfiguration;
			buildSettings = {
				ASSETCATALOG_COMPILER_APPICON_NAME = AppIcon;
				ASSETCATALOG_COMPILER_GLOBAL_ACCENT_COLOR_NAME = AccentColor;
				CODE_SIGN_STYLE = Automatic;
				CURRENT_PROJECT_VERSION = 1;
				DEVELOPMENT_TEAM = HMRJBWNJY3;
				GENERATE_INFOPLIST_FILE = YES;
				INFOPLIST_FILE = "Prueba-interRapidisimo/Info.plist";
				INFOPLIST_KEY_UIApplicationSupportsIndirectInputEvents = YES;
				INFOPLIST_KEY_UILaunchStoryboardName = LaunchScreen;
				INFOPLIST_KEY_UIMainStoryboardFile = Main;
				INFOPLIST_KEY_UISupportedInterfaceOrientations_iPad = "UIInterfaceOrientationPortrait UIInterfaceOrientationPortraitUpsideDown UIInterfaceOrientationLandscapeLeft UIInterfaceOrientationLandscapeRight";
				INFOPLIST_KEY_UISupportedInterfaceOrientations_iPhone = "UIInterfaceOrientationPortrait UIInterfaceOrientationLandscapeLeft UIInterfaceOrientationLandscapeRight";
				LD_RUNPATH_SEARCH_PATHS = (
					"$(inherited)",
					"@executable_path/Frameworks",
				);
				MARKETING_VERSION = 1.0;
				PRODUCT_BUNDLE_IDENTIFIER = "andres.Prueba-interRapidisimo";
				PRODUCT_NAME = "$(TARGET_NAME)";
				SWIFT_EMIT_LOC_STRINGS = YES;
				SWIFT_VERSION = 5.0;
				TARGETED_DEVICE_FAMILY = "1,2";
			};
			name = Release;
		};
		CD202C6C2E01D4DF00287556 /* Debug */ = {
			isa = XCBuildConfiguration;
			buildSettings = {
				ALWAYS_EMBED_SWIFT_STANDARD_LIBRARIES = YES;
				BUNDLE_LOADER = "$(TEST_HOST)";
				CODE_SIGN_STYLE = Automatic;
				CURRENT_PROJECT_VERSION = 1;
				DEVELOPMENT_TEAM = HMRJBWNJY3;
				GENERATE_INFOPLIST_FILE = YES;
				IPHONEOS_DEPLOYMENT_TARGET = 17.4;
				MARKETING_VERSION = 1.0;
				PRODUCT_BUNDLE_IDENTIFIER = "andres.Prueba-interRapidisimoTests";
				PRODUCT_NAME = "$(TARGET_NAME)";
				SWIFT_EMIT_LOC_STRINGS = NO;
				SWIFT_VERSION = 5.0;
				TARGETED_DEVICE_FAMILY = "1,2";
				TEST_HOST = "$(BUILT_PRODUCTS_DIR)/Prueba-interRapidisimo.app/$(BUNDLE_EXECUTABLE_FOLDER_PATH)/Prueba-interRapidisimo";
			};
			name = Debug;
		};
		CD202C6D2E01D4DF00287556 /* Release */ = {
			isa = XCBuildConfiguration;
			buildSettings = {
				ALWAYS_EMBED_SWIFT_STANDARD_LIBRARIES = YES;
				BUNDLE_LOADER = "$(TEST_HOST)";
				CODE_SIGN_STYLE = Automatic;
				CURRENT_PROJECT_VERSION = 1;
				DEVELOPMENT_TEAM = HMRJBWNJY3;
				GENERATE_INFOPLIST_FILE = YES;
				IPHONEOS_DEPLOYMENT_TARGET = 17.4;
				MARKETING_VERSION = 1.0;
				PRODUCT_BUNDLE_IDENTIFIER = "andres.Prueba-interRapidisimoTests";
				PRODUCT_NAME = "$(TARGET_NAME)";
				SWIFT_EMIT_LOC_STRINGS = NO;
				SWIFT_VERSION = 5.0;
				TARGETED_DEVICE_FAMILY = "1,2";
				TEST_HOST = "$(BUILT_PRODUCTS_DIR)/Prueba-interRapidisimo.app/$(BUNDLE_EXECUTABLE_FOLDER_PATH)/Prueba-interRapidisimo";
			};
			name = Release;
		};
		CD202C6F2E01D4DF00287556 /* Debug */ = {
			isa = XCBuildConfiguration;
			buildSettings = {
				ALWAYS_EMBED_SWIFT_STANDARD_LIBRARIES = YES;
				CODE_SIGN_STYLE = Automatic;
				CURRENT_PROJECT_VERSION = 1;
				DEVELOPMENT_TEAM = HMRJBWNJY3;
				GENERATE_INFOPLIST_FILE = YES;
				MARKETING_VERSION = 1.0;
				PRODUCT_BUNDLE_IDENTIFIER = "andres.Prueba-interRapidisimoUITests";
				PRODUCT_NAME = "$(TARGET_NAME)";
				SWIFT_EMIT_LOC_STRINGS = NO;
				SWIFT_VERSION = 5.0;
				TARGETED_DEVICE_FAMILY = "1,2";
				TEST_TARGET_NAME = "Prueba-interRapidisimo";
			};
			name = Debug;
		};
		CD202C702E01D4DF00287556 /* Release */ = {
			isa = XCBuildConfiguration;
			buildSettings = {
				ALWAYS_EMBED_SWIFT_STANDARD_LIBRARIES = YES;
				CODE_SIGN_STYLE = Automatic;
				CURRENT_PROJECT_VERSION = 1;
				DEVELOPMENT_TEAM = HMRJBWNJY3;
				GENERATE_INFOPLIST_FILE = YES;
				MARKETING_VERSION = 1.0;
				PRODUCT_BUNDLE_IDENTIFIER = "andres.Prueba-interRapidisimoUITests";
				PRODUCT_NAME = "$(TARGET_NAME)";
				SWIFT_EMIT_LOC_STRINGS = NO;
				SWIFT_VERSION = 5.0;
				TARGETED_DEVICE_FAMILY = "1,2";
				TEST_TARGET_NAME = "Prueba-interRapidisimo";
			};
			name = Release;
		};
/* End XCBuildConfiguration section */

/* Begin XCConfigurationList section */
		CD202C392E01D4DD00287556 /* Build configuration list for PBXProject "Prueba-interRapidisimo" */ = {
			isa = XCConfigurationList;
			buildConfigurations = (
				CD202C662E01D4DF00287556 /* Debug */,
				CD202C672E01D4DF00287556 /* Release */,
			);
			defaultConfigurationIsVisible = 0;
			defaultConfigurationName = Release;
		};
		CD202C682E01D4DF00287556 /* Build configuration list for PBXNativeTarget "Prueba-interRapidisimo" */ = {
			isa = XCConfigurationList;
			buildConfigurations = (
				CD202C692E01D4DF00287556 /* Debug */,
				CD202C6A2E01D4DF00287556 /* Release */,
			);
			defaultConfigurationIsVisible = 0;
			defaultConfigurationName = Release;
		};
		CD202C6B2E01D4DF00287556 /* Build configuration list for PBXNativeTarget "Prueba-interRapidisimoTests" */ = {
			isa = XCConfigurationList;
			buildConfigurations = (
				CD202C6C2E01D4DF00287556 /* Debug */,
				CD202C6D2E01D4DF00287556 /* Release */,
			);
			defaultConfigurationIsVisible = 0;
			defaultConfigurationName = Release;
		};
		CD202C6E2E01D4DF00287556 /* Build configuration list for PBXNativeTarget "Prueba-interRapidisimoUITests" */ = {
			isa = XCConfigurationList;
			buildConfigurations = (
				CD202C6F2E01D4DF00287556 /* Debug */,
				CD202C702E01D4DF00287556 /* Release */,
			);
			defaultConfigurationIsVisible = 0;
			defaultConfigurationName = Release;
		};
/* End XCConfigurationList section */
	};
	rootObject = CD202C362E01D4DD00287556 /* Project object */;
}
